// !$*UTF8*$!
{
	archiveVersion = 1;
	classes = {
	};
	objectVersion = 46;
	objects = {

/* Begin PBXBuildFile section */
		901ACDF51AEE6AAE003944A3 /* MainMenuCell.xib in Resources */ = {isa = PBXBuildFile; fileRef = 901ACDF41AEE6AAE003944A3 /* MainMenuCell.xib */; };
		901ACDF81AEE6F70003944A3 /* Zone.m in Sources */ = {isa = PBXBuildFile; fileRef = 901ACDF71AEE6F70003944A3 /* Zone.m */; };
		901ACDFB1AEE7059003944A3 /* Plot.m in Sources */ = {isa = PBXBuildFile; fileRef = 901ACDFA1AEE7059003944A3 /* Plot.m */; };
		901ACE021AEE8058003944A3 /* ZoneCell.m in Sources */ = {isa = PBXBuildFile; fileRef = 901ACE001AEE8058003944A3 /* ZoneCell.m */; };
		901ACE031AEE8058003944A3 /* ZoneCell.xib in Resources */ = {isa = PBXBuildFile; fileRef = 901ACE011AEE8058003944A3 /* ZoneCell.xib */; };
		901ACE061AEE854F003944A3 /* GlobalConfig.m in Sources */ = {isa = PBXBuildFile; fileRef = 901ACE051AEE854F003944A3 /* GlobalConfig.m */; };
		901ACE091AEEAE50003944A3 /* Player.m in Sources */ = {isa = PBXBuildFile; fileRef = 901ACE081AEEAE50003944A3 /* Player.m */; };
		901ACE0C1AEEAE51003944A3 /* GameSession.m in Sources */ = {isa = PBXBuildFile; fileRef = 901ACE0B1AEEAE51003944A3 /* GameSession.m */; };
		907D15E31AB74FAB007F5A98 /* metaioSDK.framework in Frameworks */ = {isa = PBXBuildFile; fileRef = 9E6C92FB177C85D90048052B /* metaioSDK.framework */; };
		907D15E91AB7529F007F5A98 /* Engine.mm in Sources */ = {isa = PBXBuildFile; fileRef = 907D15E71AB7529F007F5A98 /* Engine.mm */; };
		907D160B1AB752AC007F5A98 /* cancel.png in Resources */ = {isa = PBXBuildFile; fileRef = 907D15EC1AB752AC007F5A98 /* cancel.png */; };
		907D160C1AB752AC007F5A98 /* Default-568h@2x.png in Resources */ = {isa = PBXBuildFile; fileRef = 907D15ED1AB752AC007F5A98 /* Default-568h@2x.png */; };
		907D160D1AB752AC007F5A98 /* Default-Landscape@2x~ipad.png in Resources */ = {isa = PBXBuildFile; fileRef = 907D15EE1AB752AC007F5A98 /* Default-Landscape@2x~ipad.png */; };
		907D160E1AB752AC007F5A98 /* Default-Landscape~ipad.png in Resources */ = {isa = PBXBuildFile; fileRef = 907D15EF1AB752AC007F5A98 /* Default-Landscape~ipad.png */; };
		907D160F1AB752AC007F5A98 /* Default-Portrait@2x~ipad.png in Resources */ = {isa = PBXBuildFile; fileRef = 907D15F01AB752AC007F5A98 /* Default-Portrait@2x~ipad.png */; };
		907D16101AB752AC007F5A98 /* Default-Portrait~ipad.png in Resources */ = {isa = PBXBuildFile; fileRef = 907D15F11AB752AC007F5A98 /* Default-Portrait~ipad.png */; };
		907D16111AB752AC007F5A98 /* Default.png in Resources */ = {isa = PBXBuildFile; fileRef = 907D15F21AB752AC007F5A98 /* Default.png */; };
		907D16121AB752AC007F5A98 /* Default@2x.png in Resources */ = {isa = PBXBuildFile; fileRef = 907D15F31AB752AC007F5A98 /* Default@2x.png */; };
		907D16131AB752AC007F5A98 /* Icon-ipad.png in Resources */ = {isa = PBXBuildFile; fileRef = 907D15F41AB752AC007F5A98 /* Icon-ipad.png */; };
		907D16141AB752AC007F5A98 /* Icon.png in Resources */ = {isa = PBXBuildFile; fileRef = 907D15F51AB752AC007F5A98 /* Icon.png */; };
		907D16151AB752AC007F5A98 /* Icon@2x.png in Resources */ = {isa = PBXBuildFile; fileRef = 907D15F61AB752AC007F5A98 /* Icon@2x.png */; };
		907D16161AB752AC007F5A98 /* menu-button.png in Resources */ = {isa = PBXBuildFile; fileRef = 907D15F71AB752AC007F5A98 /* menu-button.png */; };
		907D16171AB752AC007F5A98 /* menu-button@2x.png in Resources */ = {isa = PBXBuildFile; fileRef = 907D15F81AB752AC007F5A98 /* menu-button@2x.png */; };
		907D161C1AB752AC007F5A98 /* family-house-tex.zip in Resources */ = {isa = PBXBuildFile; fileRef = 907D15FE1AB752AC007F5A98 /* family-house-tex.zip */; };
		907D16221AB752AC007F5A98 /* selection.zip in Resources */ = {isa = PBXBuildFile; fileRef = 907D16041AB752AC007F5A98 /* selection.zip */; };
		907D16271AB752AC007F5A98 /* TrackingData_Marker.xml in Resources */ = {isa = PBXBuildFile; fileRef = 907D16091AB752AC007F5A98 /* TrackingData_Marker.xml */; };
		908611791AC9445C00E9D555 /* house_zone.zip in Resources */ = {isa = PBXBuildFile; fileRef = 908611781AC9445C00E9D555 /* house_zone.zip */; };
		9086117B1AC9617000E9D555 /* empty_zone.zip in Resources */ = {isa = PBXBuildFile; fileRef = 9086117A1AC9617000E9D555 /* empty_zone.zip */; };
		9086117D1AC991BC00E9D555 /* main_zone.zip in Resources */ = {isa = PBXBuildFile; fileRef = 9086117C1AC991BC00E9D555 /* main_zone.zip */; };
		90908B661ABDA7A500970666 /* ZoneMenu.m in Sources */ = {isa = PBXBuildFile; fileRef = 90908B651ABDA7A500970666 /* ZoneMenu.m */; };
		90908B681ABDA7C300970666 /* ZoneMenu.xib in Resources */ = {isa = PBXBuildFile; fileRef = 90908B671ABDA7C300970666 /* ZoneMenu.xib */; };
		90908B701ABDB3FE00970666 /* ZoneMenuItems.plist in Resources */ = {isa = PBXBuildFile; fileRef = 90908B6F1ABDB3FE00970666 /* ZoneMenuItems.plist */; };
		9095FA2E1ABC37FF006CD0FA /* plot.zip in Resources */ = {isa = PBXBuildFile; fileRef = 9095FA2D1ABC37FF006CD0FA /* plot.zip */; };
		9095FA331ABC4F36006CD0FA /* ARCityModel.xcdatamodeld in Sources */ = {isa = PBXBuildFile; fileRef = 9095FA311ABC4F36006CD0FA /* ARCityModel.xcdatamodeld */; };
		9095FA3A1ABC5165006CD0FA /* MainMenuViewController.mm in Sources */ = {isa = PBXBuildFile; fileRef = 9095FA391ABC5165006CD0FA /* MainMenuViewController.mm */; };
		9095FA401ABC5597006CD0FA /* MainMenuCell.m in Sources */ = {isa = PBXBuildFile; fileRef = 9095FA3F1ABC5597006CD0FA /* MainMenuCell.m */; };
		9095FA471ABC58DB006CD0FA /* GameSession+DataAccess.m in Sources */ = {isa = PBXBuildFile; fileRef = 9095FA461ABC58DB006CD0FA /* GameSession+DataAccess.m */; };
		9095FA4A1ABC5B92006CD0FA /* Localizable.strings in Resources */ = {isa = PBXBuildFile; fileRef = 9095FA491ABC5B92006CD0FA /* Localizable.strings */; };
		9095FA561ABC7DDC006CD0FA /* GraphicsCore.mm in Sources */ = {isa = PBXBuildFile; fileRef = 9095FA551ABC7DDC006CD0FA /* GraphicsCore.mm */; };
		9095FA5C1ABC8812006CD0FA /* GCItem.mm in Sources */ = {isa = PBXBuildFile; fileRef = 9095FA5B1ABC8812006CD0FA /* GCItem.mm */; };
		9095FA621ABD8C97006CD0FA /* Plot+DataAccess.m in Sources */ = {isa = PBXBuildFile; fileRef = 9095FA611ABD8C97006CD0FA /* Plot+DataAccess.m */; };
		9095FA641ABD8DFB006CD0FA /* WebKit.framework in Frameworks */ = {isa = PBXBuildFile; fileRef = 9095FA631ABD8DFB006CD0FA /* WebKit.framework */; settings = {ATTRIBUTES = (Weak, ); }; };
		90D5DBE31AB9BC9E006EA193 /* Zone+DataAccess.mm in Sources */ = {isa = PBXBuildFile; fileRef = 90D5DBE21AB9BC9E006EA193 /* Zone+DataAccess.mm */; };
		9E384CF4190ABC470037E16E /* CoreImage.framework in Frameworks */ = {isa = PBXBuildFile; fileRef = 9E384CF3190ABC470037E16E /* CoreImage.framework */; };
		9E6C92FE177C85FF0048052B /* OpenGLES.framework in Frameworks */ = {isa = PBXBuildFile; fileRef = 9E6C92FD177C85FF0048052B /* OpenGLES.framework */; };
		9E6C9300177C86020048052B /* Security.framework in Frameworks */ = {isa = PBXBuildFile; fileRef = 9E6C92FF177C86020048052B /* Security.framework */; };
		9E6C9302177C86080048052B /* AVFoundation.framework in Frameworks */ = {isa = PBXBuildFile; fileRef = 9E6C9301177C86080048052B /* AVFoundation.framework */; settings = {ATTRIBUTES = (Weak, ); }; };
		9E6C9304177C860F0048052B /* libxml2.dylib in Frameworks */ = {isa = PBXBuildFile; fileRef = 9E6C9303177C860F0048052B /* libxml2.dylib */; };
		9E6C9306177C86130048052B /* AudioToolbox.framework in Frameworks */ = {isa = PBXBuildFile; fileRef = 9E6C9305177C86130048052B /* AudioToolbox.framework */; };
		9E6C9308177C86180048052B /* CFNetwork.framework in Frameworks */ = {isa = PBXBuildFile; fileRef = 9E6C9307177C86180048052B /* CFNetwork.framework */; };
		9E6C930A177C86240048052B /* libz.dylib in Frameworks */ = {isa = PBXBuildFile; fileRef = 9E6C9309177C86240048052B /* libz.dylib */; };
		9E6C930C177C86290048052B /* CoreVideo.framework in Frameworks */ = {isa = PBXBuildFile; fileRef = 9E6C930B177C86290048052B /* CoreVideo.framework */; };
		9E6C9310177C86380048052B /* CoreLocation.framework in Frameworks */ = {isa = PBXBuildFile; fileRef = 9E6C930F177C86380048052B /* CoreLocation.framework */; };
		9E6C9312177C863D0048052B /* CoreMedia.framework in Frameworks */ = {isa = PBXBuildFile; fileRef = 9E6C9311177C863D0048052B /* CoreMedia.framework */; };
		9E6C9314177C86460048052B /* EventKit.framework in Frameworks */ = {isa = PBXBuildFile; fileRef = 9E6C9313177C86460048052B /* EventKit.framework */; };
		9E6C9316177C86520048052B /* MediaPlayer.framework in Frameworks */ = {isa = PBXBuildFile; fileRef = 9E6C9315177C86520048052B /* MediaPlayer.framework */; };
		9E6C9317177C86590048052B /* CoreMotion.framework in Frameworks */ = {isa = PBXBuildFile; fileRef = 9E6C930D177C862E0048052B /* CoreMotion.framework */; };
		9E6C931B177C86A60048052B /* QuartzCore.framework in Frameworks */ = {isa = PBXBuildFile; fileRef = 9E6C931A177C86A60048052B /* QuartzCore.framework */; };
		9E7FFDF8177C856600477DDE /* UIKit.framework in Frameworks */ = {isa = PBXBuildFile; fileRef = 9E7FFDF7177C856600477DDE /* UIKit.framework */; };
		9E7FFDFA177C856600477DDE /* Foundation.framework in Frameworks */ = {isa = PBXBuildFile; fileRef = 9E7FFDF9177C856600477DDE /* Foundation.framework */; };
		9E7FFDFC177C856600477DDE /* CoreGraphics.framework in Frameworks */ = {isa = PBXBuildFile; fileRef = 9E7FFDFB177C856600477DDE /* CoreGraphics.framework */; };
		9E7FFE02177C856600477DDE /* InfoPlist.strings in Resources */ = {isa = PBXBuildFile; fileRef = 9E7FFE00177C856600477DDE /* InfoPlist.strings */; };
		9E7FFE04177C856600477DDE /* main.m in Sources */ = {isa = PBXBuildFile; fileRef = 9E7FFE03177C856600477DDE /* main.m */; };
		9E7FFE08177C856600477DDE /* AppDelegate.mm in Sources */ = {isa = PBXBuildFile; fileRef = 9E7FFE07177C856600477DDE /* AppDelegate.mm */; };
		9E7FFE22177C85AF00477DDE /* GameViewController.mm in Sources */ = {isa = PBXBuildFile; fileRef = 9E7FFE1D177C85AF00477DDE /* GameViewController.mm */; };
		9E93C40D194992A1001C21F8 /* Main.storyboard in Resources */ = {isa = PBXBuildFile; fileRef = 9E93C40C194992A1001C21F8 /* Main.storyboard */; };
		9E93C40F19499345001C21F8 /* GLKit.framework in Frameworks */ = {isa = PBXBuildFile; fileRef = 9E93C40E19499345001C21F8 /* GLKit.framework */; };
		9ED7381119AB636A00626EDC /* Images.xcassets in Resources */ = {isa = PBXBuildFile; fileRef = 9ED7381019AB636A00626EDC /* Images.xcassets */; };
		EB42A5BCD70E3523CE74B369 /* libPods-ARCity.a in Frameworks */ = {isa = PBXBuildFile; fileRef = 33633EFF77C340E9C35271E6 /* libPods-ARCity.a */; };
		F265F69019E83E8800D7E75C /* EventKitUI.framework in Frameworks */ = {isa = PBXBuildFile; fileRef = F265F68F19E83E8800D7E75C /* EventKitUI.framework */; };
/* End PBXBuildFile section */

/* Begin PBXFileReference section */
		33633EFF77C340E9C35271E6 /* libPods-ARCity.a */ = {isa = PBXFileReference; explicitFileType = archive.ar; includeInIndex = 0; path = "libPods-ARCity.a"; sourceTree = BUILT_PRODUCTS_DIR; };
		3557980C0616AEBCAB430D08 /* Pods-ARCity.release.xcconfig */ = {isa = PBXFileReference; includeInIndex = 1; lastKnownFileType = text.xcconfig; name = "Pods-ARCity.release.xcconfig"; path = "Pods/Target Support Files/Pods-ARCity/Pods-ARCity.release.xcconfig"; sourceTree = "<group>"; };
		8BEBD8113AC29FFF917CD0C7 /* Pods-ARCity.debug.xcconfig */ = {isa = PBXFileReference; includeInIndex = 1; lastKnownFileType = text.xcconfig; name = "Pods-ARCity.debug.xcconfig"; path = "Pods/Target Support Files/Pods-ARCity/Pods-ARCity.debug.xcconfig"; sourceTree = "<group>"; };
		901ACDF41AEE6AAE003944A3 /* MainMenuCell.xib */ = {isa = PBXFileReference; fileEncoding = 4; lastKnownFileType = file.xib; path = MainMenuCell.xib; sourceTree = "<group>"; };
		901ACDF61AEE6F6F003944A3 /* Zone.h */ = {isa = PBXFileReference; fileEncoding = 4; lastKnownFileType = sourcecode.c.h; path = Zone.h; sourceTree = "<group>"; };
		901ACDF71AEE6F70003944A3 /* Zone.m */ = {isa = PBXFileReference; fileEncoding = 4; lastKnownFileType = sourcecode.c.objc; path = Zone.m; sourceTree = "<group>"; };
		901ACDF91AEE7059003944A3 /* Plot.h */ = {isa = PBXFileReference; fileEncoding = 4; lastKnownFileType = sourcecode.c.h; path = Plot.h; sourceTree = "<group>"; };
		901ACDFA1AEE7059003944A3 /* Plot.m */ = {isa = PBXFileReference; fileEncoding = 4; lastKnownFileType = sourcecode.c.objc; path = Plot.m; sourceTree = "<group>"; };
		901ACDFF1AEE8058003944A3 /* ZoneCell.h */ = {isa = PBXFileReference; fileEncoding = 4; lastKnownFileType = sourcecode.c.h; path = ZoneCell.h; sourceTree = "<group>"; };
		901ACE001AEE8058003944A3 /* ZoneCell.m */ = {isa = PBXFileReference; fileEncoding = 4; lastKnownFileType = sourcecode.c.objc; path = ZoneCell.m; sourceTree = "<group>"; };
		901ACE011AEE8058003944A3 /* ZoneCell.xib */ = {isa = PBXFileReference; fileEncoding = 4; lastKnownFileType = file.xib; path = ZoneCell.xib; sourceTree = "<group>"; };
		901ACE041AEE854F003944A3 /* GlobalConfig.h */ = {isa = PBXFileReference; fileEncoding = 4; lastKnownFileType = sourcecode.c.h; path = GlobalConfig.h; sourceTree = "<group>"; };
		901ACE051AEE854F003944A3 /* GlobalConfig.m */ = {isa = PBXFileReference; fileEncoding = 4; lastKnownFileType = sourcecode.c.objc; path = GlobalConfig.m; sourceTree = "<group>"; };
		901ACE071AEEAE50003944A3 /* Player.h */ = {isa = PBXFileReference; fileEncoding = 4; lastKnownFileType = sourcecode.c.h; path = Player.h; sourceTree = "<group>"; };
		901ACE081AEEAE50003944A3 /* Player.m */ = {isa = PBXFileReference; fileEncoding = 4; lastKnownFileType = sourcecode.c.objc; path = Player.m; sourceTree = "<group>"; };
		901ACE0A1AEEAE51003944A3 /* GameSession.h */ = {isa = PBXFileReference; fileEncoding = 4; lastKnownFileType = sourcecode.c.h; path = GameSession.h; sourceTree = "<group>"; };
		901ACE0B1AEEAE51003944A3 /* GameSession.m */ = {isa = PBXFileReference; fileEncoding = 4; lastKnownFileType = sourcecode.c.objc; path = GameSession.m; sourceTree = "<group>"; };
		907D15E41AB7529F007F5A98 /* Engine.h */ = {isa = PBXFileReference; fileEncoding = 4; lastKnownFileType = sourcecode.c.h; path = Engine.h; sourceTree = "<group>"; };
		907D15E71AB7529F007F5A98 /* Engine.mm */ = {isa = PBXFileReference; fileEncoding = 4; lastKnownFileType = sourcecode.cpp.objcpp; path = Engine.mm; sourceTree = "<group>"; };
		907D15EC1AB752AC007F5A98 /* cancel.png */ = {isa = PBXFileReference; lastKnownFileType = image.png; path = cancel.png; sourceTree = "<group>"; };
		907D15ED1AB752AC007F5A98 /* Default-568h@2x.png */ = {isa = PBXFileReference; lastKnownFileType = image.png; path = "Default-568h@2x.png"; sourceTree = "<group>"; };
		907D15EE1AB752AC007F5A98 /* Default-Landscape@2x~ipad.png */ = {isa = PBXFileReference; lastKnownFileType = image.png; path = "Default-Landscape@2x~ipad.png"; sourceTree = "<group>"; };
		907D15EF1AB752AC007F5A98 /* Default-Landscape~ipad.png */ = {isa = PBXFileReference; lastKnownFileType = image.png; path = "Default-Landscape~ipad.png"; sourceTree = "<group>"; };
		907D15F01AB752AC007F5A98 /* Default-Portrait@2x~ipad.png */ = {isa = PBXFileReference; lastKnownFileType = image.png; path = "Default-Portrait@2x~ipad.png"; sourceTree = "<group>"; };
		907D15F11AB752AC007F5A98 /* Default-Portrait~ipad.png */ = {isa = PBXFileReference; lastKnownFileType = image.png; path = "Default-Portrait~ipad.png"; sourceTree = "<group>"; };
		907D15F21AB752AC007F5A98 /* Default.png */ = {isa = PBXFileReference; lastKnownFileType = image.png; path = Default.png; sourceTree = "<group>"; };
		907D15F31AB752AC007F5A98 /* Default@2x.png */ = {isa = PBXFileReference; lastKnownFileType = image.png; path = "Default@2x.png"; sourceTree = "<group>"; };
		907D15F41AB752AC007F5A98 /* Icon-ipad.png */ = {isa = PBXFileReference; lastKnownFileType = image.png; path = "Icon-ipad.png"; sourceTree = "<group>"; };
		907D15F51AB752AC007F5A98 /* Icon.png */ = {isa = PBXFileReference; lastKnownFileType = image.png; path = Icon.png; sourceTree = "<group>"; };
		907D15F61AB752AC007F5A98 /* Icon@2x.png */ = {isa = PBXFileReference; lastKnownFileType = image.png; path = "Icon@2x.png"; sourceTree = "<group>"; };
		907D15F71AB752AC007F5A98 /* menu-button.png */ = {isa = PBXFileReference; lastKnownFileType = image.png; path = "menu-button.png"; sourceTree = "<group>"; };
		907D15F81AB752AC007F5A98 /* menu-button@2x.png */ = {isa = PBXFileReference; lastKnownFileType = image.png; path = "menu-button@2x.png"; sourceTree = "<group>"; };
		907D15FE1AB752AC007F5A98 /* family-house-tex.zip */ = {isa = PBXFileReference; lastKnownFileType = archive.zip; path = "family-house-tex.zip"; sourceTree = "<group>"; };
		907D16041AB752AC007F5A98 /* selection.zip */ = {isa = PBXFileReference; lastKnownFileType = archive.zip; path = selection.zip; sourceTree = "<group>"; };
		907D16091AB752AC007F5A98 /* TrackingData_Marker.xml */ = {isa = PBXFileReference; fileEncoding = 4; lastKnownFileType = text.xml; path = TrackingData_Marker.xml; sourceTree = "<group>"; };
		908611781AC9445C00E9D555 /* house_zone.zip */ = {isa = PBXFileReference; lastKnownFileType = archive.zip; path = house_zone.zip; sourceTree = "<group>"; };
		9086117A1AC9617000E9D555 /* empty_zone.zip */ = {isa = PBXFileReference; lastKnownFileType = archive.zip; path = empty_zone.zip; sourceTree = "<group>"; };
		9086117C1AC991BC00E9D555 /* main_zone.zip */ = {isa = PBXFileReference; lastKnownFileType = archive.zip; path = main_zone.zip; sourceTree = "<group>"; };
		90908B641ABDA7A500970666 /* ZoneMenu.h */ = {isa = PBXFileReference; fileEncoding = 4; lastKnownFileType = sourcecode.c.h; path = ZoneMenu.h; sourceTree = "<group>"; };
		90908B651ABDA7A500970666 /* ZoneMenu.m */ = {isa = PBXFileReference; fileEncoding = 4; lastKnownFileType = sourcecode.c.objc; path = ZoneMenu.m; sourceTree = "<group>"; };
		90908B671ABDA7C300970666 /* ZoneMenu.xib */ = {isa = PBXFileReference; fileEncoding = 4; lastKnownFileType = file.xib; path = ZoneMenu.xib; sourceTree = "<group>"; };
		90908B6F1ABDB3FE00970666 /* ZoneMenuItems.plist */ = {isa = PBXFileReference; fileEncoding = 4; lastKnownFileType = text.plist.xml; path = ZoneMenuItems.plist; sourceTree = "<group>"; };
		9095FA2D1ABC37FF006CD0FA /* plot.zip */ = {isa = PBXFileReference; lastKnownFileType = archive.zip; path = plot.zip; sourceTree = "<group>"; };
		9095FA321ABC4F36006CD0FA /* ARCityModel.xcdatamodel */ = {isa = PBXFileReference; lastKnownFileType = wrapper.xcdatamodel; path = ARCityModel.xcdatamodel; sourceTree = "<group>"; };
		9095FA381ABC5165006CD0FA /* MainMenuViewController.h */ = {isa = PBXFileReference; fileEncoding = 4; lastKnownFileType = sourcecode.c.h; path = MainMenuViewController.h; sourceTree = "<group>"; };
		9095FA391ABC5165006CD0FA /* MainMenuViewController.mm */ = {isa = PBXFileReference; fileEncoding = 4; lastKnownFileType = sourcecode.cpp.objcpp; path = MainMenuViewController.mm; sourceTree = "<group>"; };
		9095FA3E1ABC5597006CD0FA /* MainMenuCell.h */ = {isa = PBXFileReference; fileEncoding = 4; lastKnownFileType = sourcecode.c.h; path = MainMenuCell.h; sourceTree = "<group>"; };
		9095FA3F1ABC5597006CD0FA /* MainMenuCell.m */ = {isa = PBXFileReference; fileEncoding = 4; lastKnownFileType = sourcecode.c.objc; path = MainMenuCell.m; sourceTree = "<group>"; };
		9095FA451ABC58DB006CD0FA /* GameSession+DataAccess.h */ = {isa = PBXFileReference; fileEncoding = 4; lastKnownFileType = sourcecode.c.h; path = "GameSession+DataAccess.h"; sourceTree = "<group>"; };
		9095FA461ABC58DB006CD0FA /* GameSession+DataAccess.m */ = {isa = PBXFileReference; fileEncoding = 4; lastKnownFileType = sourcecode.c.objc; path = "GameSession+DataAccess.m"; sourceTree = "<group>"; };
		9095FA491ABC5B92006CD0FA /* Localizable.strings */ = {isa = PBXFileReference; fileEncoding = 4; lastKnownFileType = text.plist.strings; path = Localizable.strings; sourceTree = "<group>"; };
		9095FA541ABC7DDC006CD0FA /* GraphicsCore.h */ = {isa = PBXFileReference; fileEncoding = 4; lastKnownFileType = sourcecode.c.h; path = GraphicsCore.h; sourceTree = "<group>"; };
		9095FA551ABC7DDC006CD0FA /* GraphicsCore.mm */ = {isa = PBXFileReference; fileEncoding = 4; lastKnownFileType = sourcecode.cpp.objcpp; path = GraphicsCore.mm; sourceTree = "<group>"; };
		9095FA5A1ABC8812006CD0FA /* GCItem.h */ = {isa = PBXFileReference; fileEncoding = 4; lastKnownFileType = sourcecode.c.h; path = GCItem.h; sourceTree = "<group>"; };
		9095FA5B1ABC8812006CD0FA /* GCItem.mm */ = {isa = PBXFileReference; fileEncoding = 4; lastKnownFileType = sourcecode.cpp.objcpp; path = GCItem.mm; sourceTree = "<group>"; };
		9095FA601ABD8C97006CD0FA /* Plot+DataAccess.h */ = {isa = PBXFileReference; fileEncoding = 4; lastKnownFileType = sourcecode.c.h; path = "Plot+DataAccess.h"; sourceTree = "<group>"; };
		9095FA611ABD8C97006CD0FA /* Plot+DataAccess.m */ = {isa = PBXFileReference; fileEncoding = 4; lastKnownFileType = sourcecode.c.objc; path = "Plot+DataAccess.m"; sourceTree = "<group>"; };
		9095FA631ABD8DFB006CD0FA /* WebKit.framework */ = {isa = PBXFileReference; lastKnownFileType = wrapper.framework; name = WebKit.framework; path = System/Library/Frameworks/WebKit.framework; sourceTree = SDKROOT; };
		90D5DBE11AB9BC9E006EA193 /* Zone+DataAccess.h */ = {isa = PBXFileReference; fileEncoding = 4; lastKnownFileType = sourcecode.c.h; path = "Zone+DataAccess.h"; sourceTree = "<group>"; };
		90D5DBE21AB9BC9E006EA193 /* Zone+DataAccess.mm */ = {isa = PBXFileReference; fileEncoding = 4; lastKnownFileType = sourcecode.cpp.objcpp; path = "Zone+DataAccess.mm"; sourceTree = "<group>"; };
		9E384CF3190ABC470037E16E /* CoreImage.framework */ = {isa = PBXFileReference; lastKnownFileType = wrapper.framework; name = CoreImage.framework; path = System/Library/Frameworks/CoreImage.framework; sourceTree = SDKROOT; };
		9E6C92FB177C85D90048052B /* metaioSDK.framework */ = {isa = PBXFileReference; lastKnownFileType = wrapper.framework; path = metaioSDK.framework; sourceTree = "<group>"; };
		9E6C92FD177C85FF0048052B /* OpenGLES.framework */ = {isa = PBXFileReference; lastKnownFileType = wrapper.framework; name = OpenGLES.framework; path = System/Library/Frameworks/OpenGLES.framework; sourceTree = SDKROOT; };
		9E6C92FF177C86020048052B /* Security.framework */ = {isa = PBXFileReference; lastKnownFileType = wrapper.framework; name = Security.framework; path = System/Library/Frameworks/Security.framework; sourceTree = SDKROOT; };
		9E6C9301177C86080048052B /* AVFoundation.framework */ = {isa = PBXFileReference; lastKnownFileType = wrapper.framework; name = AVFoundation.framework; path = System/Library/Frameworks/AVFoundation.framework; sourceTree = SDKROOT; };
		9E6C9303177C860F0048052B /* libxml2.dylib */ = {isa = PBXFileReference; lastKnownFileType = "compiled.mach-o.dylib"; name = libxml2.dylib; path = usr/lib/libxml2.dylib; sourceTree = SDKROOT; };
		9E6C9305177C86130048052B /* AudioToolbox.framework */ = {isa = PBXFileReference; lastKnownFileType = wrapper.framework; name = AudioToolbox.framework; path = System/Library/Frameworks/AudioToolbox.framework; sourceTree = SDKROOT; };
		9E6C9307177C86180048052B /* CFNetwork.framework */ = {isa = PBXFileReference; lastKnownFileType = wrapper.framework; name = CFNetwork.framework; path = System/Library/Frameworks/CFNetwork.framework; sourceTree = SDKROOT; };
		9E6C9309177C86240048052B /* libz.dylib */ = {isa = PBXFileReference; lastKnownFileType = "compiled.mach-o.dylib"; name = libz.dylib; path = usr/lib/libz.dylib; sourceTree = SDKROOT; };
		9E6C930B177C86290048052B /* CoreVideo.framework */ = {isa = PBXFileReference; lastKnownFileType = wrapper.framework; name = CoreVideo.framework; path = System/Library/Frameworks/CoreVideo.framework; sourceTree = SDKROOT; };
		9E6C930D177C862E0048052B /* CoreMotion.framework */ = {isa = PBXFileReference; lastKnownFileType = wrapper.framework; name = CoreMotion.framework; path = System/Library/Frameworks/CoreMotion.framework; sourceTree = SDKROOT; };
		9E6C930F177C86380048052B /* CoreLocation.framework */ = {isa = PBXFileReference; lastKnownFileType = wrapper.framework; name = CoreLocation.framework; path = System/Library/Frameworks/CoreLocation.framework; sourceTree = SDKROOT; };
		9E6C9311177C863D0048052B /* CoreMedia.framework */ = {isa = PBXFileReference; lastKnownFileType = wrapper.framework; name = CoreMedia.framework; path = System/Library/Frameworks/CoreMedia.framework; sourceTree = SDKROOT; };
		9E6C9313177C86460048052B /* EventKit.framework */ = {isa = PBXFileReference; lastKnownFileType = wrapper.framework; name = EventKit.framework; path = System/Library/Frameworks/EventKit.framework; sourceTree = SDKROOT; };
		9E6C9315177C86520048052B /* MediaPlayer.framework */ = {isa = PBXFileReference; lastKnownFileType = wrapper.framework; name = MediaPlayer.framework; path = System/Library/Frameworks/MediaPlayer.framework; sourceTree = SDKROOT; };
		9E6C931A177C86A60048052B /* QuartzCore.framework */ = {isa = PBXFileReference; lastKnownFileType = wrapper.framework; name = QuartzCore.framework; path = System/Library/Frameworks/QuartzCore.framework; sourceTree = SDKROOT; };
		9E7FFDF4177C856600477DDE /* ARCity.app */ = {isa = PBXFileReference; explicitFileType = wrapper.application; includeInIndex = 0; path = ARCity.app; sourceTree = BUILT_PRODUCTS_DIR; };
		9E7FFDF7177C856600477DDE /* UIKit.framework */ = {isa = PBXFileReference; lastKnownFileType = wrapper.framework; name = UIKit.framework; path = System/Library/Frameworks/UIKit.framework; sourceTree = SDKROOT; };
		9E7FFDF9177C856600477DDE /* Foundation.framework */ = {isa = PBXFileReference; lastKnownFileType = wrapper.framework; name = Foundation.framework; path = System/Library/Frameworks/Foundation.framework; sourceTree = SDKROOT; };
		9E7FFDFB177C856600477DDE /* CoreGraphics.framework */ = {isa = PBXFileReference; lastKnownFileType = wrapper.framework; name = CoreGraphics.framework; path = System/Library/Frameworks/CoreGraphics.framework; sourceTree = SDKROOT; };
		9E7FFDFF177C856600477DDE /* ARCity-Info.plist */ = {isa = PBXFileReference; lastKnownFileType = text.plist.xml; path = "ARCity-Info.plist"; sourceTree = "<group>"; };
		9E7FFE01177C856600477DDE /* en */ = {isa = PBXFileReference; lastKnownFileType = text.plist.strings; name = en; path = en.lproj/InfoPlist.strings; sourceTree = "<group>"; };
		9E7FFE03177C856600477DDE /* main.m */ = {isa = PBXFileReference; lastKnownFileType = sourcecode.c.objc; path = main.m; sourceTree = "<group>"; };
		9E7FFE05177C856600477DDE /* ARCity-Prefix.pch */ = {isa = PBXFileReference; lastKnownFileType = sourcecode.c.h; path = "ARCity-Prefix.pch"; sourceTree = "<group>"; };
		9E7FFE06177C856600477DDE /* AppDelegate.h */ = {isa = PBXFileReference; lastKnownFileType = sourcecode.c.h; path = AppDelegate.h; sourceTree = "<group>"; };
		9E7FFE07177C856600477DDE /* AppDelegate.mm */ = {isa = PBXFileReference; lastKnownFileType = sourcecode.cpp.objcpp; path = AppDelegate.mm; sourceTree = "<group>"; };
		9E7FFE1C177C85AF00477DDE /* GameViewController.h */ = {isa = PBXFileReference; fileEncoding = 4; lastKnownFileType = sourcecode.c.h; name = GameViewController.h; path = Classes/GameViewController.h; sourceTree = "<group>"; };
		9E7FFE1D177C85AF00477DDE /* GameViewController.mm */ = {isa = PBXFileReference; fileEncoding = 4; lastKnownFileType = sourcecode.cpp.objcpp; name = GameViewController.mm; path = Classes/GameViewController.mm; sourceTree = "<group>"; };
		9E93C40C194992A1001C21F8 /* Main.storyboard */ = {isa = PBXFileReference; fileEncoding = 4; lastKnownFileType = file.storyboard; path = Main.storyboard; sourceTree = "<group>"; };
		9E93C40E19499345001C21F8 /* GLKit.framework */ = {isa = PBXFileReference; lastKnownFileType = wrapper.framework; name = GLKit.framework; path = System/Library/Frameworks/GLKit.framework; sourceTree = SDKROOT; };
		9ED7381019AB636A00626EDC /* Images.xcassets */ = {isa = PBXFileReference; lastKnownFileType = folder.assetcatalog; name = Images.xcassets; path = ../Images.xcassets; sourceTree = "<group>"; };
		F265F68F19E83E8800D7E75C /* EventKitUI.framework */ = {isa = PBXFileReference; lastKnownFileType = wrapper.framework; name = EventKitUI.framework; path = System/Library/Frameworks/EventKitUI.framework; sourceTree = SDKROOT; };
/* End PBXFileReference section */

/* Begin PBXFrameworksBuildPhase section */
		9E7FFDF1177C856600477DDE /* Frameworks */ = {
			isa = PBXFrameworksBuildPhase;
			buildActionMask = 2147483647;
			files = (
				9095FA641ABD8DFB006CD0FA /* WebKit.framework in Frameworks */,
				907D15E31AB74FAB007F5A98 /* metaioSDK.framework in Frameworks */,
				F265F69019E83E8800D7E75C /* EventKitUI.framework in Frameworks */,
				9E6C9314177C86460048052B /* EventKit.framework in Frameworks */,
				9E93C40F19499345001C21F8 /* GLKit.framework in Frameworks */,
				9E384CF4190ABC470037E16E /* CoreImage.framework in Frameworks */,
				9E6C931B177C86A60048052B /* QuartzCore.framework in Frameworks */,
				9E6C9317177C86590048052B /* CoreMotion.framework in Frameworks */,
				9E6C9316177C86520048052B /* MediaPlayer.framework in Frameworks */,
				9E6C9312177C863D0048052B /* CoreMedia.framework in Frameworks */,
				9E6C9310177C86380048052B /* CoreLocation.framework in Frameworks */,
				9E6C930C177C86290048052B /* CoreVideo.framework in Frameworks */,
				9E6C930A177C86240048052B /* libz.dylib in Frameworks */,
				9E6C9308177C86180048052B /* CFNetwork.framework in Frameworks */,
				9E6C9306177C86130048052B /* AudioToolbox.framework in Frameworks */,
				9E6C9304177C860F0048052B /* libxml2.dylib in Frameworks */,
				9E6C9302177C86080048052B /* AVFoundation.framework in Frameworks */,
				9E6C9300177C86020048052B /* Security.framework in Frameworks */,
				9E6C92FE177C85FF0048052B /* OpenGLES.framework in Frameworks */,
				9E7FFDF8177C856600477DDE /* UIKit.framework in Frameworks */,
				9E7FFDFA177C856600477DDE /* Foundation.framework in Frameworks */,
				9E7FFDFC177C856600477DDE /* CoreGraphics.framework in Frameworks */,
				EB42A5BCD70E3523CE74B369 /* libPods-ARCity.a in Frameworks */,
			);
			runOnlyForDeploymentPostprocessing = 0;
		};
/* End PBXFrameworksBuildPhase section */

/* Begin PBXGroup section */
		1F710E8AE208B40957CD316F /* Pods */ = {
			isa = PBXGroup;
			children = (
				8BEBD8113AC29FFF917CD0C7 /* Pods-ARCity.debug.xcconfig */,
				3557980C0616AEBCAB430D08 /* Pods-ARCity.release.xcconfig */,
			);
			name = Pods;
			sourceTree = "<group>";
		};
		907D15EA1AB752AC007F5A98 /* Resources */ = {
			isa = PBXGroup;
			children = (
				9ED7381019AB636A00626EDC /* Images.xcassets */,
				907D15EB1AB752AC007F5A98 /* Images */,
				907D15F91AB752AC007F5A98 /* Models */,
				907D16091AB752AC007F5A98 /* TrackingData_Marker.xml */,
			);
			path = Resources;
			sourceTree = "<group>";
		};
		907D15EB1AB752AC007F5A98 /* Images */ = {
			isa = PBXGroup;
			children = (
				907D15EC1AB752AC007F5A98 /* cancel.png */,
				907D15ED1AB752AC007F5A98 /* Default-568h@2x.png */,
				907D15EE1AB752AC007F5A98 /* Default-Landscape@2x~ipad.png */,
				907D15EF1AB752AC007F5A98 /* Default-Landscape~ipad.png */,
				907D15F01AB752AC007F5A98 /* Default-Portrait@2x~ipad.png */,
				907D15F11AB752AC007F5A98 /* Default-Portrait~ipad.png */,
				907D15F21AB752AC007F5A98 /* Default.png */,
				907D15F31AB752AC007F5A98 /* Default@2x.png */,
				907D15F41AB752AC007F5A98 /* Icon-ipad.png */,
				907D15F51AB752AC007F5A98 /* Icon.png */,
				907D15F61AB752AC007F5A98 /* Icon@2x.png */,
				907D15F71AB752AC007F5A98 /* menu-button.png */,
				907D15F81AB752AC007F5A98 /* menu-button@2x.png */,
			);
			path = Images;
			sourceTree = "<group>";
		};
		907D15F91AB752AC007F5A98 /* Models */ = {
			isa = PBXGroup;
			children = (
				9086117C1AC991BC00E9D555 /* main_zone.zip */,
				9086117A1AC9617000E9D555 /* empty_zone.zip */,
				908611781AC9445C00E9D555 /* house_zone.zip */,
				9095FA2D1ABC37FF006CD0FA /* plot.zip */,
				907D15FE1AB752AC007F5A98 /* family-house-tex.zip */,
				907D16041AB752AC007F5A98 /* selection.zip */,
			);
			path = Models;
			sourceTree = "<group>";
		};
		907D16291AB752BF007F5A98 /* Controller */ = {
			isa = PBXGroup;
			children = (
				9E93C40C194992A1001C21F8 /* Main.storyboard */,
				9095FA3D1ABC555E006CD0FA /* Game controller */,
				9095FA3C1ABC5556006CD0FA /* Main menu */,
			);
			name = Controller;
			sourceTree = "<group>";
		};
		90908B631ABDA72900970666 /* Game views */ = {
			isa = PBXGroup;
			children = (
				90908B6E1ABDB36900970666 /* Bulding menu */,
			);
			name = "Game views";
			sourceTree = "<group>";
		};
		90908B6E1ABDB36900970666 /* Bulding menu */ = {
			isa = PBXGroup;
			children = (
				90908B641ABDA7A500970666 /* ZoneMenu.h */,
				90908B651ABDA7A500970666 /* ZoneMenu.m */,
				90908B671ABDA7C300970666 /* ZoneMenu.xib */,
				90908B6F1ABDB3FE00970666 /* ZoneMenuItems.plist */,
				901ACDFF1AEE8058003944A3 /* ZoneCell.h */,
				901ACE001AEE8058003944A3 /* ZoneCell.m */,
				901ACE011AEE8058003944A3 /* ZoneCell.xib */,
			);
			name = "Bulding menu";
			sourceTree = "<group>";
		};
		9095FA3B1ABC550C006CD0FA /* View */ = {
			isa = PBXGroup;
			children = (
				90908B631ABDA72900970666 /* Game views */,
				9095FA521ABC63FF006CD0FA /* Main menu */,
			);
			name = View;
			sourceTree = "<group>";
		};
		9095FA3C1ABC5556006CD0FA /* Main menu */ = {
			isa = PBXGroup;
			children = (
				9095FA381ABC5165006CD0FA /* MainMenuViewController.h */,
				9095FA391ABC5165006CD0FA /* MainMenuViewController.mm */,
			);
			name = "Main menu";
			sourceTree = "<group>";
		};
		9095FA3D1ABC555E006CD0FA /* Game controller */ = {
			isa = PBXGroup;
			children = (
				9E7FFE1C177C85AF00477DDE /* GameViewController.h */,
				9E7FFE1D177C85AF00477DDE /* GameViewController.mm */,
			);
			name = "Game controller";
			sourceTree = "<group>";
		};
		9095FA441ABC5839006CD0FA /* CoreData models */ = {
			isa = PBXGroup;
			children = (
				901ACDF61AEE6F6F003944A3 /* Zone.h */,
				901ACDF71AEE6F70003944A3 /* Zone.m */,
				901ACDF91AEE7059003944A3 /* Plot.h */,
				901ACDFA1AEE7059003944A3 /* Plot.m */,
				901ACE0A1AEEAE51003944A3 /* GameSession.h */,
				901ACE0B1AEEAE51003944A3 /* GameSession.m */,
				901ACE071AEEAE50003944A3 /* Player.h */,
				901ACE081AEEAE50003944A3 /* Player.m */,
			);
			name = "CoreData models";
			sourceTree = "<group>";
		};
		9095FA481ABC58E7006CD0FA /* Coredata accessory categories */ = {
			isa = PBXGroup;
			children = (
				9095FA451ABC58DB006CD0FA /* GameSession+DataAccess.h */,
				9095FA461ABC58DB006CD0FA /* GameSession+DataAccess.m */,
				9095FA601ABD8C97006CD0FA /* Plot+DataAccess.h */,
				9095FA611ABD8C97006CD0FA /* Plot+DataAccess.m */,
				90D5DBE11AB9BC9E006EA193 /* Zone+DataAccess.h */,
				90D5DBE21AB9BC9E006EA193 /* Zone+DataAccess.mm */,
			);
			name = "Coredata accessory categories";
			sourceTree = "<group>";
		};
		9095FA511ABC639C006CD0FA /* Core */ = {
			isa = PBXGroup;
			children = (
				907D15E41AB7529F007F5A98 /* Engine.h */,
				907D15E71AB7529F007F5A98 /* Engine.mm */,
				9095FA541ABC7DDC006CD0FA /* GraphicsCore.h */,
				9095FA551ABC7DDC006CD0FA /* GraphicsCore.mm */,
				9095FA5A1ABC8812006CD0FA /* GCItem.h */,
				9095FA5B1ABC8812006CD0FA /* GCItem.mm */,
				901ACE041AEE854F003944A3 /* GlobalConfig.h */,
				901ACE051AEE854F003944A3 /* GlobalConfig.m */,
			);
			name = Core;
			sourceTree = "<group>";
		};
		9095FA521ABC63FF006CD0FA /* Main menu */ = {
			isa = PBXGroup;
			children = (
				9095FA3E1ABC5597006CD0FA /* MainMenuCell.h */,
				9095FA3F1ABC5597006CD0FA /* MainMenuCell.m */,
				901ACDF41AEE6AAE003944A3 /* MainMenuCell.xib */,
			);
			name = "Main menu";
			sourceTree = "<group>";
		};
		9E7FFDEB177C856600477DDE = {
			isa = PBXGroup;
			children = (
				9E7FFDFD177C856600477DDE /* ARCity */,
				9E7FFDF6177C856600477DDE /* Frameworks */,
				9E7FFDF5177C856600477DDE /* Products */,
				1F710E8AE208B40957CD316F /* Pods */,
			);
			sourceTree = "<group>";
		};
		9E7FFDF5177C856600477DDE /* Products */ = {
			isa = PBXGroup;
			children = (
				9E7FFDF4177C856600477DDE /* ARCity.app */,
			);
			name = Products;
			sourceTree = "<group>";
		};
		9E7FFDF6177C856600477DDE /* Frameworks */ = {
			isa = PBXGroup;
			children = (
				9095FA631ABD8DFB006CD0FA /* WebKit.framework */,
				F265F68F19E83E8800D7E75C /* EventKitUI.framework */,
				9E93C40E19499345001C21F8 /* GLKit.framework */,
				9E384CF3190ABC470037E16E /* CoreImage.framework */,
				9E6C931A177C86A60048052B /* QuartzCore.framework */,
				9E6C9315177C86520048052B /* MediaPlayer.framework */,
				9E6C9313177C86460048052B /* EventKit.framework */,
				9E6C9311177C863D0048052B /* CoreMedia.framework */,
				9E6C930F177C86380048052B /* CoreLocation.framework */,
				9E6C930D177C862E0048052B /* CoreMotion.framework */,
				9E6C930B177C86290048052B /* CoreVideo.framework */,
				9E6C9309177C86240048052B /* libz.dylib */,
				9E6C9307177C86180048052B /* CFNetwork.framework */,
				9E6C9305177C86130048052B /* AudioToolbox.framework */,
				9E6C9303177C860F0048052B /* libxml2.dylib */,
				9E6C9301177C86080048052B /* AVFoundation.framework */,
				9E6C92FF177C86020048052B /* Security.framework */,
				9E6C92FD177C85FF0048052B /* OpenGLES.framework */,
				9E6C92FB177C85D90048052B /* metaioSDK.framework */,
				9E7FFDF7177C856600477DDE /* UIKit.framework */,
				9E7FFDF9177C856600477DDE /* Foundation.framework */,
				9E7FFDFB177C856600477DDE /* CoreGraphics.framework */,
				33633EFF77C340E9C35271E6 /* libPods-ARCity.a */,
			);
			name = Frameworks;
			sourceTree = "<group>";
		};
		9E7FFDFD177C856600477DDE /* ARCity */ = {
			isa = PBXGroup;
			children = (
				9E7FFE06177C856600477DDE /* AppDelegate.h */,
				9E7FFE07177C856600477DDE /* AppDelegate.mm */,
				9E7FFE14177C85AF00477DDE /* Model */,
				9095FA3B1ABC550C006CD0FA /* View */,
				907D16291AB752BF007F5A98 /* Controller */,
				907D15EA1AB752AC007F5A98 /* Resources */,
				9E7FFDFE177C856600477DDE /* Supporting Files */,
			);
			path = ARCity;
			sourceTree = "<group>";
		};
		9E7FFDFE177C856600477DDE /* Supporting Files */ = {
			isa = PBXGroup;
			children = (
				9E7FFDFF177C856600477DDE /* ARCity-Info.plist */,
				9E7FFE00177C856600477DDE /* InfoPlist.strings */,
				9E7FFE03177C856600477DDE /* main.m */,
				9E7FFE05177C856600477DDE /* ARCity-Prefix.pch */,
				9095FA491ABC5B92006CD0FA /* Localizable.strings */,
			);
			name = "Supporting Files";
			sourceTree = "<group>";
		};
		9E7FFE14177C85AF00477DDE /* Model */ = {
			isa = PBXGroup;
			children = (
				9095FA311ABC4F36006CD0FA /* ARCityModel.xcdatamodeld */,
				9095FA511ABC639C006CD0FA /* Core */,
				9095FA481ABC58E7006CD0FA /* Coredata accessory categories */,
				9095FA441ABC5839006CD0FA /* CoreData models */,
			);
			name = Model;
			path = Classes;
			sourceTree = "<group>";
		};
/* End PBXGroup section */

/* Begin PBXNativeTarget section */
		9E7FFDF3177C856600477DDE /* ARCity */ = {
			isa = PBXNativeTarget;
			buildConfigurationList = 9E7FFE11177C856600477DDE /* Build configuration list for PBXNativeTarget "ARCity" */;
			buildPhases = (
				7D7F776933CB7FEEF051BEFB /* Check Pods Manifest.lock */,
				9E7FFDF0177C856600477DDE /* Sources */,
				9E7FFDF1177C856600477DDE /* Frameworks */,
				9E7FFDF2177C856600477DDE /* Resources */,
				A1440FA22E26273E9A7F4816 /* Copy Pods Resources */,
			);
			buildRules = (
			);
			dependencies = (
			);
			name = ARCity;
			productName = Template;
			productReference = 9E7FFDF4177C856600477DDE /* ARCity.app */;
			productType = "com.apple.product-type.application";
		};
/* End PBXNativeTarget section */

/* Begin PBXProject section */
		9E7FFDEC177C856600477DDE /* Project object */ = {
			isa = PBXProject;
			attributes = {
				LastUpgradeCheck = 0460;
				ORGANIZATIONNAME = "metaio GmbH";
			};
			buildConfigurationList = 9E7FFDEF177C856600477DDE /* Build configuration list for PBXProject "ARCity" */;
			compatibilityVersion = "Xcode 3.2";
			developmentRegion = English;
			hasScannedForEncodings = 0;
			knownRegions = (
				en,
			);
			mainGroup = 9E7FFDEB177C856600477DDE;
			productRefGroup = 9E7FFDF5177C856600477DDE /* Products */;
			projectDirPath = "";
			projectRoot = "";
			targets = (
				9E7FFDF3177C856600477DDE /* ARCity */,
			);
		};
/* End PBXProject section */

/* Begin PBXResourcesBuildPhase section */
		9E7FFDF2177C856600477DDE /* Resources */ = {
			isa = PBXResourcesBuildPhase;
			buildActionMask = 2147483647;
			files = (
				90908B681ABDA7C300970666 /* ZoneMenu.xib in Resources */,
				907D16131AB752AC007F5A98 /* Icon-ipad.png in Resources */,
				908611791AC9445C00E9D555 /* house_zone.zip in Resources */,
				9086117D1AC991BC00E9D555 /* main_zone.zip in Resources */,
				907D160E1AB752AC007F5A98 /* Default-Landscape~ipad.png in Resources */,
				9ED7381119AB636A00626EDC /* Images.xcassets in Resources */,
				9E7FFE02177C856600477DDE /* InfoPlist.strings in Resources */,
				907D16271AB752AC007F5A98 /* TrackingData_Marker.xml in Resources */,
				90908B701ABDB3FE00970666 /* ZoneMenuItems.plist in Resources */,
				9E93C40D194992A1001C21F8 /* Main.storyboard in Resources */,
				907D160F1AB752AC007F5A98 /* Default-Portrait@2x~ipad.png in Resources */,
				907D16121AB752AC007F5A98 /* Default@2x.png in Resources */,
				907D16141AB752AC007F5A98 /* Icon.png in Resources */,
				9095FA2E1ABC37FF006CD0FA /* plot.zip in Resources */,
				907D16101AB752AC007F5A98 /* Default-Portrait~ipad.png in Resources */,
				907D16151AB752AC007F5A98 /* Icon@2x.png in Resources */,
				907D161C1AB752AC007F5A98 /* family-house-tex.zip in Resources */,
				907D16221AB752AC007F5A98 /* selection.zip in Resources */,
				9095FA4A1ABC5B92006CD0FA /* Localizable.strings in Resources */,
				907D160C1AB752AC007F5A98 /* Default-568h@2x.png in Resources */,
				9086117B1AC9617000E9D555 /* empty_zone.zip in Resources */,
				901ACE031AEE8058003944A3 /* ZoneCell.xib in Resources */,
				907D16161AB752AC007F5A98 /* menu-button.png in Resources */,
				907D160B1AB752AC007F5A98 /* cancel.png in Resources */,
				901ACDF51AEE6AAE003944A3 /* MainMenuCell.xib in Resources */,
				907D16171AB752AC007F5A98 /* menu-button@2x.png in Resources */,
				907D160D1AB752AC007F5A98 /* Default-Landscape@2x~ipad.png in Resources */,
				907D16111AB752AC007F5A98 /* Default.png in Resources */,
			);
			runOnlyForDeploymentPostprocessing = 0;
		};
/* End PBXResourcesBuildPhase section */

/* Begin PBXShellScriptBuildPhase section */
		7D7F776933CB7FEEF051BEFB /* Check Pods Manifest.lock */ = {
			isa = PBXShellScriptBuildPhase;
			buildActionMask = 2147483647;
			files = (
			);
			inputPaths = (
			);
			name = "Check Pods Manifest.lock";
			outputPaths = (
			);
			runOnlyForDeploymentPostprocessing = 0;
			shellPath = /bin/sh;
			shellScript = "diff \"${PODS_ROOT}/../Podfile.lock\" \"${PODS_ROOT}/Manifest.lock\" > /dev/null\nif [[ $? != 0 ]] ; then\n    cat << EOM\nerror: The sandbox is not in sync with the Podfile.lock. Run 'pod install' or update your CocoaPods installation.\nEOM\n    exit 1\nfi\n";
			showEnvVarsInLog = 0;
		};
		A1440FA22E26273E9A7F4816 /* Copy Pods Resources */ = {
			isa = PBXShellScriptBuildPhase;
			buildActionMask = 2147483647;
			files = (
			);
			inputPaths = (
			);
			name = "Copy Pods Resources";
			outputPaths = (
			);
			runOnlyForDeploymentPostprocessing = 0;
			shellPath = /bin/sh;
			shellScript = "\"${SRCROOT}/Pods/Target Support Files/Pods-ARCity/Pods-ARCity-resources.sh\"\n";
			showEnvVarsInLog = 0;
		};
/* End PBXShellScriptBuildPhase section */

/* Begin PBXSourcesBuildPhase section */
		9E7FFDF0177C856600477DDE /* Sources */ = {
			isa = PBXSourcesBuildPhase;
			buildActionMask = 2147483647;
			files = (
				901ACDFB1AEE7059003944A3 /* Plot.m in Sources */,
				9E7FFE04177C856600477DDE /* main.m in Sources */,
				9095FA621ABD8C97006CD0FA /* Plot+DataAccess.m in Sources */,
				907D15E91AB7529F007F5A98 /* Engine.mm in Sources */,
				9095FA331ABC4F36006CD0FA /* ARCityModel.xcdatamodeld in Sources */,
				9095FA471ABC58DB006CD0FA /* GameSession+DataAccess.m in Sources */,
				9095FA3A1ABC5165006CD0FA /* MainMenuViewController.mm in Sources */,
				9095FA401ABC5597006CD0FA /* MainMenuCell.m in Sources */,
				9E7FFE08177C856600477DDE /* AppDelegate.mm in Sources */,
				901ACE061AEE854F003944A3 /* GlobalConfig.m in Sources */,
				901ACE021AEE8058003944A3 /* ZoneCell.m in Sources */,
				9095FA5C1ABC8812006CD0FA /* GCItem.mm in Sources */,
				90908B661ABDA7A500970666 /* ZoneMenu.m in Sources */,
				901ACE0C1AEEAE51003944A3 /* GameSession.m in Sources */,
				9E7FFE22177C85AF00477DDE /* GameViewController.mm in Sources */,
				901ACDF81AEE6F70003944A3 /* Zone.m in Sources */,
				90D5DBE31AB9BC9E006EA193 /* Zone+DataAccess.mm in Sources */,
				901ACE091AEEAE50003944A3 /* Player.m in Sources */,
				9095FA561ABC7DDC006CD0FA /* GraphicsCore.mm in Sources */,
			);
			runOnlyForDeploymentPostprocessing = 0;
		};
/* End PBXSourcesBuildPhase section */

/* Begin PBXVariantGroup section */
		9E7FFE00177C856600477DDE /* InfoPlist.strings */ = {
			isa = PBXVariantGroup;
			children = (
				9E7FFE01177C856600477DDE /* en */,
			);
			name = InfoPlist.strings;
			sourceTree = "<group>";
		};
/* End PBXVariantGroup section */

/* Begin XCBuildConfiguration section */
		9E7FFE0F177C856600477DDE /* Debug */ = {
			isa = XCBuildConfiguration;
			buildSettings = {
				ALWAYS_SEARCH_USER_PATHS = NO;
				CLANG_CXX_LANGUAGE_STANDARD = "gnu++0x";
				CLANG_CXX_LIBRARY = "libc++";
				CLANG_ENABLE_OBJC_ARC = YES;
				CLANG_WARN_CONSTANT_CONVERSION = YES;
				CLANG_WARN_EMPTY_BODY = YES;
				CLANG_WARN_ENUM_CONVERSION = YES;
				CLANG_WARN_INT_CONVERSION = YES;
				CLANG_WARN__DUPLICATE_METHOD_MATCH = YES;
				"CODE_SIGN_IDENTITY[sdk=iphoneos*]" = "iPhone Developer";
				COPY_PHASE_STRIP = NO;
				GCC_C_LANGUAGE_STANDARD = gnu99;
				GCC_DYNAMIC_NO_PIC = NO;
				GCC_OPTIMIZATION_LEVEL = 0;
				GCC_PREPROCESSOR_DEFINITIONS = (
					"DEBUG=1",
					"$(inherited)",
				);
				GCC_SYMBOLS_PRIVATE_EXTERN = NO;
				GCC_WARN_ABOUT_RETURN_TYPE = YES;
				GCC_WARN_UNINITIALIZED_AUTOS = YES;
				GCC_WARN_UNUSED_VARIABLE = YES;
				IPHONEOS_DEPLOYMENT_TARGET = 8.0;
				ONLY_ACTIVE_ARCH = YES;
				SDKROOT = iphoneos;
				TARGETED_DEVICE_FAMILY = "1,2";
			};
			name = Debug;
		};
		9E7FFE10177C856600477DDE /* Release */ = {
			isa = XCBuildConfiguration;
			buildSettings = {
				ALWAYS_SEARCH_USER_PATHS = NO;
				CLANG_CXX_LANGUAGE_STANDARD = "gnu++0x";
				CLANG_CXX_LIBRARY = "libc++";
				CLANG_ENABLE_OBJC_ARC = YES;
				CLANG_WARN_CONSTANT_CONVERSION = YES;
				CLANG_WARN_EMPTY_BODY = YES;
				CLANG_WARN_ENUM_CONVERSION = YES;
				CLANG_WARN_INT_CONVERSION = YES;
				CLANG_WARN__DUPLICATE_METHOD_MATCH = YES;
				"CODE_SIGN_IDENTITY[sdk=iphoneos*]" = "iPhone Developer";
				COPY_PHASE_STRIP = YES;
				GCC_C_LANGUAGE_STANDARD = gnu99;
				GCC_WARN_ABOUT_RETURN_TYPE = YES;
				GCC_WARN_UNINITIALIZED_AUTOS = YES;
				GCC_WARN_UNUSED_VARIABLE = YES;
				IPHONEOS_DEPLOYMENT_TARGET = 8.0;
				OTHER_CFLAGS = "-DNS_BLOCK_ASSERTIONS=1";
				SDKROOT = iphoneos;
				TARGETED_DEVICE_FAMILY = "1,2";
				VALIDATE_PRODUCT = YES;
			};
			name = Release;
		};
		9E7FFE12177C856600477DDE /* Debug */ = {
			isa = XCBuildConfiguration;
			baseConfigurationReference = 8BEBD8113AC29FFF917CD0C7 /* Pods-ARCity.debug.xcconfig */;
			buildSettings = {
				ASSETCATALOG_COMPILER_APPICON_NAME = AppIcon;
				ASSETCATALOG_COMPILER_LAUNCHIMAGE_NAME = LaunchImage;
				FRAMEWORK_SEARCH_PATHS = (
					"$(inherited)",
					"\"$(SRCROOT)/../..\"",
					"$(PROJECT_DIR)",
				);
				GCC_PRECOMPILE_PREFIX_HEADER = YES;
				GCC_PREFIX_HEADER = "ARCity/ARCity-Prefix.pch";
				INFOPLIST_FILE = "ARCity/ARCity-Info.plist";
				IPHONEOS_DEPLOYMENT_TARGET = 8.0;
				OTHER_LDFLAGS = "$(inherited)";
				PRODUCT_NAME = ARCity;
				WRAPPER_EXTENSION = app;
			};
			name = Debug;
		};
		9E7FFE13177C856600477DDE /* Release */ = {
			isa = XCBuildConfiguration;
			baseConfigurationReference = 3557980C0616AEBCAB430D08 /* Pods-ARCity.release.xcconfig */;
			buildSettings = {
				ASSETCATALOG_COMPILER_APPICON_NAME = AppIcon;
				ASSETCATALOG_COMPILER_LAUNCHIMAGE_NAME = LaunchImage;
				FRAMEWORK_SEARCH_PATHS = (
					"$(inherited)",
					"\"$(SRCROOT)/../..\"",
					"$(PROJECT_DIR)",
				);
				GCC_PRECOMPILE_PREFIX_HEADER = YES;
				GCC_PREFIX_HEADER = "ARCity/ARCity-Prefix.pch";
				INFOPLIST_FILE = "ARCity/ARCity-Info.plist";
				IPHONEOS_DEPLOYMENT_TARGET = 8.0;
				OTHER_LDFLAGS = "$(inherited)";
				PRODUCT_NAME = ARCity;
				WRAPPER_EXTENSION = app;
			};
			name = Release;
		};
/* End XCBuildConfiguration section */

/* Begin XCConfigurationList section */
		9E7FFDEF177C856600477DDE /* Build configuration list for PBXProject "ARCity" */ = {
			isa = XCConfigurationList;
			buildConfigurations = (
				9E7FFE0F177C856600477DDE /* Debug */,
				9E7FFE10177C856600477DDE /* Release */,
			);
			defaultConfigurationIsVisible = 0;
			defaultConfigurationName = Release;
		};
		9E7FFE11177C856600477DDE /* Build configuration list for PBXNativeTarget "ARCity" */ = {
			isa = XCConfigurationList;
			buildConfigurations = (
				9E7FFE12177C856600477DDE /* Debug */,
				9E7FFE13177C856600477DDE /* Release */,
			);
			defaultConfigurationIsVisible = 0;
			defaultConfigurationName = Release;
		};
/* End XCConfigurationList section */

/* Begin XCVersionGroup section */
		9095FA311ABC4F36006CD0FA /* ARCityModel.xcdatamodeld */ = {
			isa = XCVersionGroup;
			children = (
				9095FA321ABC4F36006CD0FA /* ARCityModel.xcdatamodel */,
			);
			currentVersion = 9095FA321ABC4F36006CD0FA /* ARCityModel.xcdatamodel */;
			path = ARCityModel.xcdatamodeld;
			sourceTree = "<group>";
			versionGroupType = wrapper.xcdatamodel;
		};
/* End XCVersionGroup section */
	};
	rootObject = 9E7FFDEC177C856600477DDE /* Project object */;
}
