// !$*UTF8*$!
{
	archiveVersion = 1;
	classes = {
	};
	objectVersion = 46;
	objects = {

/* Begin PBXBuildFile section */
		907D15E31AB74FAB007F5A98 /* metaioSDK.framework in Frameworks */ = {isa = PBXBuildFile; fileRef = 9E6C92FB177C85D90048052B /* metaioSDK.framework */; };
		907D15E81AB7529F007F5A98 /* Plot.mm in Sources */ = {isa = PBXBuildFile; fileRef = 907D15E61AB7529F007F5A98 /* Plot.mm */; };
		907D15E91AB7529F007F5A98 /* Engine.mm in Sources */ = {isa = PBXBuildFile; fileRef = 907D15E71AB7529F007F5A98 /* Engine.mm */; };
		907D160B1AB752AC007F5A98 /* cancel.png in Resources */ = {isa = PBXBuildFile; fileRef = 907D15EC1AB752AC007F5A98 /* cancel.png */; };
		907D160C1AB752AC007F5A98 /* Default-568h@2x.png in Resources */ = {isa = PBXBuildFile; fileRef = 907D15ED1AB752AC007F5A98 /* Default-568h@2x.png */; };
		907D160D1AB752AC007F5A98 /* Default-Landscape@2x~ipad.png in Resources */ = {isa = PBXBuildFile; fileRef = 907D15EE1AB752AC007F5A98 /* Default-Landscape@2x~ipad.png */; };
		907D160E1AB752AC007F5A98 /* Default-Landscape~ipad.png in Resources */ = {isa = PBXBuildFile; fileRef = 907D15EF1AB752AC007F5A98 /* Default-Landscape~ipad.png */; };
		907D160F1AB752AC007F5A98 /* Default-Portrait@2x~ipad.png in Resources */ = {isa = PBXBuildFile; fileRef = 907D15F01AB752AC007F5A98 /* Default-Portrait@2x~ipad.png */; };
		907D16101AB752AC007F5A98 /* Default-Portrait~ipad.png in Resources */ = {isa = PBXBuildFile; fileRef = 907D15F11AB752AC007F5A98 /* Default-Portrait~ipad.png */; };
		907D16111AB752AC007F5A98 /* Default.png in Resources */ = {isa = PBXBuildFile; fileRef = 907D15F21AB752AC007F5A98 /* Default.png */; };
		907D16121AB752AC007F5A98 /* Default@2x.png in Resources */ = {isa = PBXBuildFile; fileRef = 907D15F31AB752AC007F5A98 /* Default@2x.png */; };
		907D16131AB752AC007F5A98 /* Icon-ipad.png in Resources */ = {isa = PBXBuildFile; fileRef = 907D15F41AB752AC007F5A98 /* Icon-ipad.png */; };
		907D16141AB752AC007F5A98 /* Icon.png in Resources */ = {isa = PBXBuildFile; fileRef = 907D15F51AB752AC007F5A98 /* Icon.png */; };
		907D16151AB752AC007F5A98 /* Icon@2x.png in Resources */ = {isa = PBXBuildFile; fileRef = 907D15F61AB752AC007F5A98 /* Icon@2x.png */; };
		907D16161AB752AC007F5A98 /* menu-button.png in Resources */ = {isa = PBXBuildFile; fileRef = 907D15F71AB752AC007F5A98 /* menu-button.png */; };
		907D16171AB752AC007F5A98 /* menu-button@2x.png in Resources */ = {isa = PBXBuildFile; fileRef = 907D15F81AB752AC007F5A98 /* menu-button@2x.png */; };
		907D16181AB752AC007F5A98 /* family-house-tex.FBX in Resources */ = {isa = PBXBuildFile; fileRef = 907D15FA1AB752AC007F5A98 /* family-house-tex.FBX */; };
		907D16191AB752AC007F5A98 /* family-house-tex.mtl in Resources */ = {isa = PBXBuildFile; fileRef = 907D15FB1AB752AC007F5A98 /* family-house-tex.mtl */; };
		907D161A1AB752AC007F5A98 /* family-house-tex.obj in Resources */ = {isa = PBXBuildFile; fileRef = 907D15FC1AB752AC007F5A98 /* family-house-tex.obj */; };
		907D161B1AB752AC007F5A98 /* family-house-tex.png in Resources */ = {isa = PBXBuildFile; fileRef = 907D15FD1AB752AC007F5A98 /* family-house-tex.png */; };
		907D161C1AB752AC007F5A98 /* family-house-tex.zip in Resources */ = {isa = PBXBuildFile; fileRef = 907D15FE1AB752AC007F5A98 /* family-house-tex.zip */; };
		907D161D1AB752AC007F5A98 /* family-house.mtl in Resources */ = {isa = PBXBuildFile; fileRef = 907D15FF1AB752AC007F5A98 /* family-house.mtl */; };
		907D161E1AB752AC007F5A98 /* family-house.obj in Resources */ = {isa = PBXBuildFile; fileRef = 907D16001AB752AC007F5A98 /* family-house.obj */; };
		907D161F1AB752AC007F5A98 /* family-house.png in Resources */ = {isa = PBXBuildFile; fileRef = 907D16011AB752AC007F5A98 /* family-house.png */; };
		907D16201AB752AC007F5A98 /* metaioman.md2 in Resources */ = {isa = PBXBuildFile; fileRef = 907D16021AB752AC007F5A98 /* metaioman.md2 */; };
		907D16211AB752AC007F5A98 /* metaioman.png in Resources */ = {isa = PBXBuildFile; fileRef = 907D16031AB752AC007F5A98 /* metaioman.png */; };
		907D16221AB752AC007F5A98 /* selection.zip in Resources */ = {isa = PBXBuildFile; fileRef = 907D16041AB752AC007F5A98 /* selection.zip */; };
		907D16231AB752AC007F5A98 /* sphere.zip in Resources */ = {isa = PBXBuildFile; fileRef = 907D16051AB752AC007F5A98 /* sphere.zip */; };
		907D16241AB752AC007F5A98 /* test-building.mtl in Resources */ = {isa = PBXBuildFile; fileRef = 907D16061AB752AC007F5A98 /* test-building.mtl */; };
		907D16251AB752AC007F5A98 /* test-building.obj in Resources */ = {isa = PBXBuildFile; fileRef = 907D16071AB752AC007F5A98 /* test-building.obj */; };
		907D16261AB752AC007F5A98 /* test-building.png in Resources */ = {isa = PBXBuildFile; fileRef = 907D16081AB752AC007F5A98 /* test-building.png */; };
		907D16271AB752AC007F5A98 /* TrackingData_Marker.xml in Resources */ = {isa = PBXBuildFile; fileRef = 907D16091AB752AC007F5A98 /* TrackingData_Marker.xml */; };
		9095FA2E1ABC37FF006CD0FA /* plot.zip in Resources */ = {isa = PBXBuildFile; fileRef = 9095FA2D1ABC37FF006CD0FA /* plot.zip */; };
		90D5DBE31AB9BC9E006EA193 /* Building.mm in Sources */ = {isa = PBXBuildFile; fileRef = 90D5DBE21AB9BC9E006EA193 /* Building.mm */; };
		9E384CF4190ABC470037E16E /* CoreImage.framework in Frameworks */ = {isa = PBXBuildFile; fileRef = 9E384CF3190ABC470037E16E /* CoreImage.framework */; };
		9E6C92FE177C85FF0048052B /* OpenGLES.framework in Frameworks */ = {isa = PBXBuildFile; fileRef = 9E6C92FD177C85FF0048052B /* OpenGLES.framework */; };
		9E6C9300177C86020048052B /* Security.framework in Frameworks */ = {isa = PBXBuildFile; fileRef = 9E6C92FF177C86020048052B /* Security.framework */; };
		9E6C9302177C86080048052B /* AVFoundation.framework in Frameworks */ = {isa = PBXBuildFile; fileRef = 9E6C9301177C86080048052B /* AVFoundation.framework */; settings = {ATTRIBUTES = (Weak, ); }; };
		9E6C9304177C860F0048052B /* libxml2.dylib in Frameworks */ = {isa = PBXBuildFile; fileRef = 9E6C9303177C860F0048052B /* libxml2.dylib */; };
		9E6C9306177C86130048052B /* AudioToolbox.framework in Frameworks */ = {isa = PBXBuildFile; fileRef = 9E6C9305177C86130048052B /* AudioToolbox.framework */; };
		9E6C9308177C86180048052B /* CFNetwork.framework in Frameworks */ = {isa = PBXBuildFile; fileRef = 9E6C9307177C86180048052B /* CFNetwork.framework */; };
		9E6C930A177C86240048052B /* libz.dylib in Frameworks */ = {isa = PBXBuildFile; fileRef = 9E6C9309177C86240048052B /* libz.dylib */; };
		9E6C930C177C86290048052B /* CoreVideo.framework in Frameworks */ = {isa = PBXBuildFile; fileRef = 9E6C930B177C86290048052B /* CoreVideo.framework */; };
		9E6C9310177C86380048052B /* CoreLocation.framework in Frameworks */ = {isa = PBXBuildFile; fileRef = 9E6C930F177C86380048052B /* CoreLocation.framework */; };
		9E6C9312177C863D0048052B /* CoreMedia.framework in Frameworks */ = {isa = PBXBuildFile; fileRef = 9E6C9311177C863D0048052B /* CoreMedia.framework */; };
		9E6C9314177C86460048052B /* EventKit.framework in Frameworks */ = {isa = PBXBuildFile; fileRef = 9E6C9313177C86460048052B /* EventKit.framework */; };
		9E6C9316177C86520048052B /* MediaPlayer.framework in Frameworks */ = {isa = PBXBuildFile; fileRef = 9E6C9315177C86520048052B /* MediaPlayer.framework */; };
		9E6C9317177C86590048052B /* CoreMotion.framework in Frameworks */ = {isa = PBXBuildFile; fileRef = 9E6C930D177C862E0048052B /* CoreMotion.framework */; };
		9E6C931B177C86A60048052B /* QuartzCore.framework in Frameworks */ = {isa = PBXBuildFile; fileRef = 9E6C931A177C86A60048052B /* QuartzCore.framework */; };
		9E7FFDF8177C856600477DDE /* UIKit.framework in Frameworks */ = {isa = PBXBuildFile; fileRef = 9E7FFDF7177C856600477DDE /* UIKit.framework */; };
		9E7FFDFA177C856600477DDE /* Foundation.framework in Frameworks */ = {isa = PBXBuildFile; fileRef = 9E7FFDF9177C856600477DDE /* Foundation.framework */; };
		9E7FFDFC177C856600477DDE /* CoreGraphics.framework in Frameworks */ = {isa = PBXBuildFile; fileRef = 9E7FFDFB177C856600477DDE /* CoreGraphics.framework */; };
		9E7FFE02177C856600477DDE /* InfoPlist.strings in Resources */ = {isa = PBXBuildFile; fileRef = 9E7FFE00177C856600477DDE /* InfoPlist.strings */; };
		9E7FFE04177C856600477DDE /* main.m in Sources */ = {isa = PBXBuildFile; fileRef = 9E7FFE03177C856600477DDE /* main.m */; };
		9E7FFE08177C856600477DDE /* AppDelegate.mm in Sources */ = {isa = PBXBuildFile; fileRef = 9E7FFE07177C856600477DDE /* AppDelegate.mm */; };
		9E7FFE22177C85AF00477DDE /* NativeViewController.mm in Sources */ = {isa = PBXBuildFile; fileRef = 9E7FFE1D177C85AF00477DDE /* NativeViewController.mm */; };
		9E93C40D194992A1001C21F8 /* Main.storyboard in Resources */ = {isa = PBXBuildFile; fileRef = 9E93C40C194992A1001C21F8 /* Main.storyboard */; };
		9E93C40F19499345001C21F8 /* GLKit.framework in Frameworks */ = {isa = PBXBuildFile; fileRef = 9E93C40E19499345001C21F8 /* GLKit.framework */; };
		9ED7381119AB636A00626EDC /* Images.xcassets in Resources */ = {isa = PBXBuildFile; fileRef = 9ED7381019AB636A00626EDC /* Images.xcassets */; };
		EB42A5BCD70E3523CE74B369 /* libPods-ARCity.a in Frameworks */ = {isa = PBXBuildFile; fileRef = 33633EFF77C340E9C35271E6 /* libPods-ARCity.a */; };
		F265F69019E83E8800D7E75C /* EventKitUI.framework in Frameworks */ = {isa = PBXBuildFile; fileRef = F265F68F19E83E8800D7E75C /* EventKitUI.framework */; };
/* End PBXBuildFile section */

/* Begin PBXFileReference section */
		33633EFF77C340E9C35271E6 /* libPods-ARCity.a */ = {isa = PBXFileReference; explicitFileType = archive.ar; includeInIndex = 0; path = "libPods-ARCity.a"; sourceTree = BUILT_PRODUCTS_DIR; };
		3557980C0616AEBCAB430D08 /* Pods-ARCity.release.xcconfig */ = {isa = PBXFileReference; includeInIndex = 1; lastKnownFileType = text.xcconfig; name = "Pods-ARCity.release.xcconfig"; path = "Pods/Target Support Files/Pods-ARCity/Pods-ARCity.release.xcconfig"; sourceTree = "<group>"; };
		8BEBD8113AC29FFF917CD0C7 /* Pods-ARCity.debug.xcconfig */ = {isa = PBXFileReference; includeInIndex = 1; lastKnownFileType = text.xcconfig; name = "Pods-ARCity.debug.xcconfig"; path = "Pods/Target Support Files/Pods-ARCity/Pods-ARCity.debug.xcconfig"; sourceTree = "<group>"; };
		907D15E41AB7529F007F5A98 /* Engine.h */ = {isa = PBXFileReference; fileEncoding = 4; lastKnownFileType = sourcecode.c.h; path = Engine.h; sourceTree = "<group>"; };
		907D15E51AB7529F007F5A98 /* Plot.h */ = {isa = PBXFileReference; fileEncoding = 4; lastKnownFileType = sourcecode.c.h; path = Plot.h; sourceTree = "<group>"; };
		907D15E61AB7529F007F5A98 /* Plot.mm */ = {isa = PBXFileReference; fileEncoding = 4; lastKnownFileType = sourcecode.cpp.objcpp; path = Plot.mm; sourceTree = "<group>"; };
		907D15E71AB7529F007F5A98 /* Engine.mm */ = {isa = PBXFileReference; fileEncoding = 4; lastKnownFileType = sourcecode.cpp.objcpp; path = Engine.mm; sourceTree = "<group>"; };
		907D15EC1AB752AC007F5A98 /* cancel.png */ = {isa = PBXFileReference; lastKnownFileType = image.png; path = cancel.png; sourceTree = "<group>"; };
		907D15ED1AB752AC007F5A98 /* Default-568h@2x.png */ = {isa = PBXFileReference; lastKnownFileType = image.png; path = "Default-568h@2x.png"; sourceTree = "<group>"; };
		907D15EE1AB752AC007F5A98 /* Default-Landscape@2x~ipad.png */ = {isa = PBXFileReference; lastKnownFileType = image.png; path = "Default-Landscape@2x~ipad.png"; sourceTree = "<group>"; };
		907D15EF1AB752AC007F5A98 /* Default-Landscape~ipad.png */ = {isa = PBXFileReference; lastKnownFileType = image.png; path = "Default-Landscape~ipad.png"; sourceTree = "<group>"; };
		907D15F01AB752AC007F5A98 /* Default-Portrait@2x~ipad.png */ = {isa = PBXFileReference; lastKnownFileType = image.png; path = "Default-Portrait@2x~ipad.png"; sourceTree = "<group>"; };
		907D15F11AB752AC007F5A98 /* Default-Portrait~ipad.png */ = {isa = PBXFileReference; lastKnownFileType = image.png; path = "Default-Portrait~ipad.png"; sourceTree = "<group>"; };
		907D15F21AB752AC007F5A98 /* Default.png */ = {isa = PBXFileReference; lastKnownFileType = image.png; path = Default.png; sourceTree = "<group>"; };
		907D15F31AB752AC007F5A98 /* Default@2x.png */ = {isa = PBXFileReference; lastKnownFileType = image.png; path = "Default@2x.png"; sourceTree = "<group>"; };
		907D15F41AB752AC007F5A98 /* Icon-ipad.png */ = {isa = PBXFileReference; lastKnownFileType = image.png; path = "Icon-ipad.png"; sourceTree = "<group>"; };
		907D15F51AB752AC007F5A98 /* Icon.png */ = {isa = PBXFileReference; lastKnownFileType = image.png; path = Icon.png; sourceTree = "<group>"; };
		907D15F61AB752AC007F5A98 /* Icon@2x.png */ = {isa = PBXFileReference; lastKnownFileType = image.png; path = "Icon@2x.png"; sourceTree = "<group>"; };
		907D15F71AB752AC007F5A98 /* menu-button.png */ = {isa = PBXFileReference; lastKnownFileType = image.png; path = "menu-button.png"; sourceTree = "<group>"; };
		907D15F81AB752AC007F5A98 /* menu-button@2x.png */ = {isa = PBXFileReference; lastKnownFileType = image.png; path = "menu-button@2x.png"; sourceTree = "<group>"; };
		907D15FA1AB752AC007F5A98 /* family-house-tex.FBX */ = {isa = PBXFileReference; lastKnownFileType = file; path = "family-house-tex.FBX"; sourceTree = "<group>"; };
		907D15FB1AB752AC007F5A98 /* family-house-tex.mtl */ = {isa = PBXFileReference; fileEncoding = 4; lastKnownFileType = text; path = "family-house-tex.mtl"; sourceTree = "<group>"; };
		907D15FC1AB752AC007F5A98 /* family-house-tex.obj */ = {isa = PBXFileReference; fileEncoding = 4; lastKnownFileType = text; path = "family-house-tex.obj"; sourceTree = "<group>"; };
		907D15FD1AB752AC007F5A98 /* family-house-tex.png */ = {isa = PBXFileReference; lastKnownFileType = image.png; path = "family-house-tex.png"; sourceTree = "<group>"; };
		907D15FE1AB752AC007F5A98 /* family-house-tex.zip */ = {isa = PBXFileReference; lastKnownFileType = archive.zip; path = "family-house-tex.zip"; sourceTree = "<group>"; };
		907D15FF1AB752AC007F5A98 /* family-house.mtl */ = {isa = PBXFileReference; fileEncoding = 4; lastKnownFileType = text; path = "family-house.mtl"; sourceTree = "<group>"; };
		907D16001AB752AC007F5A98 /* family-house.obj */ = {isa = PBXFileReference; fileEncoding = 4; lastKnownFileType = text; path = "family-house.obj"; sourceTree = "<group>"; };
		907D16011AB752AC007F5A98 /* family-house.png */ = {isa = PBXFileReference; lastKnownFileType = image.png; path = "family-house.png"; sourceTree = "<group>"; };
		907D16021AB752AC007F5A98 /* metaioman.md2 */ = {isa = PBXFileReference; lastKnownFileType = file; path = metaioman.md2; sourceTree = "<group>"; };
		907D16031AB752AC007F5A98 /* metaioman.png */ = {isa = PBXFileReference; lastKnownFileType = image.png; path = metaioman.png; sourceTree = "<group>"; };
		907D16041AB752AC007F5A98 /* selection.zip */ = {isa = PBXFileReference; lastKnownFileType = archive.zip; path = selection.zip; sourceTree = "<group>"; };
		907D16051AB752AC007F5A98 /* sphere.zip */ = {isa = PBXFileReference; lastKnownFileType = archive.zip; path = sphere.zip; sourceTree = "<group>"; };
		907D16061AB752AC007F5A98 /* test-building.mtl */ = {isa = PBXFileReference; fileEncoding = 4; lastKnownFileType = text; path = "test-building.mtl"; sourceTree = "<group>"; };
		907D16071AB752AC007F5A98 /* test-building.obj */ = {isa = PBXFileReference; fileEncoding = 4; lastKnownFileType = text; path = "test-building.obj"; sourceTree = "<group>"; };
		907D16081AB752AC007F5A98 /* test-building.png */ = {isa = PBXFileReference; lastKnownFileType = image.png; path = "test-building.png"; sourceTree = "<group>"; };
		907D16091AB752AC007F5A98 /* TrackingData_Marker.xml */ = {isa = PBXFileReference; fileEncoding = 4; lastKnownFileType = text.xml; path = TrackingData_Marker.xml; sourceTree = "<group>"; };
		9095FA2D1ABC37FF006CD0FA /* plot.zip */ = {isa = PBXFileReference; lastKnownFileType = archive.zip; path = plot.zip; sourceTree = "<group>"; };
		90D5DBE11AB9BC9E006EA193 /* Building.h */ = {isa = PBXFileReference; fileEncoding = 4; lastKnownFileType = sourcecode.c.h; path = Building.h; sourceTree = "<group>"; };
		90D5DBE21AB9BC9E006EA193 /* Building.mm */ = {isa = PBXFileReference; fileEncoding = 4; lastKnownFileType = sourcecode.cpp.objcpp; path = Building.mm; sourceTree = "<group>"; };
		9E384CF3190ABC470037E16E /* CoreImage.framework */ = {isa = PBXFileReference; lastKnownFileType = wrapper.framework; name = CoreImage.framework; path = System/Library/Frameworks/CoreImage.framework; sourceTree = SDKROOT; };
		9E6C92FB177C85D90048052B /* metaioSDK.framework */ = {isa = PBXFileReference; lastKnownFileType = wrapper.framework; path = metaioSDK.framework; sourceTree = "<group>"; };
		9E6C92FD177C85FF0048052B /* OpenGLES.framework */ = {isa = PBXFileReference; lastKnownFileType = wrapper.framework; name = OpenGLES.framework; path = System/Library/Frameworks/OpenGLES.framework; sourceTree = SDKROOT; };
		9E6C92FF177C86020048052B /* Security.framework */ = {isa = PBXFileReference; lastKnownFileType = wrapper.framework; name = Security.framework; path = System/Library/Frameworks/Security.framework; sourceTree = SDKROOT; };
		9E6C9301177C86080048052B /* AVFoundation.framework */ = {isa = PBXFileReference; lastKnownFileType = wrapper.framework; name = AVFoundation.framework; path = System/Library/Frameworks/AVFoundation.framework; sourceTree = SDKROOT; };
		9E6C9303177C860F0048052B /* libxml2.dylib */ = {isa = PBXFileReference; lastKnownFileType = "compiled.mach-o.dylib"; name = libxml2.dylib; path = usr/lib/libxml2.dylib; sourceTree = SDKROOT; };
		9E6C9305177C86130048052B /* AudioToolbox.framework */ = {isa = PBXFileReference; lastKnownFileType = wrapper.framework; name = AudioToolbox.framework; path = System/Library/Frameworks/AudioToolbox.framework; sourceTree = SDKROOT; };
		9E6C9307177C86180048052B /* CFNetwork.framework */ = {isa = PBXFileReference; lastKnownFileType = wrapper.framework; name = CFNetwork.framework; path = System/Library/Frameworks/CFNetwork.framework; sourceTree = SDKROOT; };
		9E6C9309177C86240048052B /* libz.dylib */ = {isa = PBXFileReference; lastKnownFileType = "compiled.mach-o.dylib"; name = libz.dylib; path = usr/lib/libz.dylib; sourceTree = SDKROOT; };
		9E6C930B177C86290048052B /* CoreVideo.framework */ = {isa = PBXFileReference; lastKnownFileType = wrapper.framework; name = CoreVideo.framework; path = System/Library/Frameworks/CoreVideo.framework; sourceTree = SDKROOT; };
		9E6C930D177C862E0048052B /* CoreMotion.framework */ = {isa = PBXFileReference; lastKnownFileType = wrapper.framework; name = CoreMotion.framework; path = System/Library/Frameworks/CoreMotion.framework; sourceTree = SDKROOT; };
		9E6C930F177C86380048052B /* CoreLocation.framework */ = {isa = PBXFileReference; lastKnownFileType = wrapper.framework; name = CoreLocation.framework; path = System/Library/Frameworks/CoreLocation.framework; sourceTree = SDKROOT; };
		9E6C9311177C863D0048052B /* CoreMedia.framework */ = {isa = PBXFileReference; lastKnownFileType = wrapper.framework; name = CoreMedia.framework; path = System/Library/Frameworks/CoreMedia.framework; sourceTree = SDKROOT; };
		9E6C9313177C86460048052B /* EventKit.framework */ = {isa = PBXFileReference; lastKnownFileType = wrapper.framework; name = EventKit.framework; path = System/Library/Frameworks/EventKit.framework; sourceTree = SDKROOT; };
		9E6C9315177C86520048052B /* MediaPlayer.framework */ = {isa = PBXFileReference; lastKnownFileType = wrapper.framework; name = MediaPlayer.framework; path = System/Library/Frameworks/MediaPlayer.framework; sourceTree = SDKROOT; };
		9E6C931A177C86A60048052B /* QuartzCore.framework */ = {isa = PBXFileReference; lastKnownFileType = wrapper.framework; name = QuartzCore.framework; path = System/Library/Frameworks/QuartzCore.framework; sourceTree = SDKROOT; };
		9E7FFDF4177C856600477DDE /* ARCity.app */ = {isa = PBXFileReference; explicitFileType = wrapper.application; includeInIndex = 0; path = ARCity.app; sourceTree = BUILT_PRODUCTS_DIR; };
		9E7FFDF7177C856600477DDE /* UIKit.framework */ = {isa = PBXFileReference; lastKnownFileType = wrapper.framework; name = UIKit.framework; path = System/Library/Frameworks/UIKit.framework; sourceTree = SDKROOT; };
		9E7FFDF9177C856600477DDE /* Foundation.framework */ = {isa = PBXFileReference; lastKnownFileType = wrapper.framework; name = Foundation.framework; path = System/Library/Frameworks/Foundation.framework; sourceTree = SDKROOT; };
		9E7FFDFB177C856600477DDE /* CoreGraphics.framework */ = {isa = PBXFileReference; lastKnownFileType = wrapper.framework; name = CoreGraphics.framework; path = System/Library/Frameworks/CoreGraphics.framework; sourceTree = SDKROOT; };
		9E7FFDFF177C856600477DDE /* ARCity-Info.plist */ = {isa = PBXFileReference; lastKnownFileType = text.plist.xml; path = "ARCity-Info.plist"; sourceTree = "<group>"; };
		9E7FFE01177C856600477DDE /* en */ = {isa = PBXFileReference; lastKnownFileType = text.plist.strings; name = en; path = en.lproj/InfoPlist.strings; sourceTree = "<group>"; };
		9E7FFE03177C856600477DDE /* main.m */ = {isa = PBXFileReference; lastKnownFileType = sourcecode.c.objc; path = main.m; sourceTree = "<group>"; };
		9E7FFE05177C856600477DDE /* ARCity-Prefix.pch */ = {isa = PBXFileReference; lastKnownFileType = sourcecode.c.h; path = "ARCity-Prefix.pch"; sourceTree = "<group>"; };
		9E7FFE06177C856600477DDE /* AppDelegate.h */ = {isa = PBXFileReference; lastKnownFileType = sourcecode.c.h; path = AppDelegate.h; sourceTree = "<group>"; };
		9E7FFE07177C856600477DDE /* AppDelegate.mm */ = {isa = PBXFileReference; lastKnownFileType = sourcecode.cpp.objcpp; path = AppDelegate.mm; sourceTree = "<group>"; };
		9E7FFE1C177C85AF00477DDE /* NativeViewController.h */ = {isa = PBXFileReference; fileEncoding = 4; lastKnownFileType = sourcecode.c.h; name = NativeViewController.h; path = Classes/NativeViewController.h; sourceTree = "<group>"; };
		9E7FFE1D177C85AF00477DDE /* NativeViewController.mm */ = {isa = PBXFileReference; fileEncoding = 4; lastKnownFileType = sourcecode.cpp.objcpp; name = NativeViewController.mm; path = Classes/NativeViewController.mm; sourceTree = "<group>"; };
		9E93C40C194992A1001C21F8 /* Main.storyboard */ = {isa = PBXFileReference; fileEncoding = 4; lastKnownFileType = file.storyboard; path = Main.storyboard; sourceTree = "<group>"; };
		9E93C40E19499345001C21F8 /* GLKit.framework */ = {isa = PBXFileReference; lastKnownFileType = wrapper.framework; name = GLKit.framework; path = System/Library/Frameworks/GLKit.framework; sourceTree = SDKROOT; };
		9ED7381019AB636A00626EDC /* Images.xcassets */ = {isa = PBXFileReference; lastKnownFileType = folder.assetcatalog; path = Images.xcassets; sourceTree = "<group>"; };
		F265F68F19E83E8800D7E75C /* EventKitUI.framework */ = {isa = PBXFileReference; lastKnownFileType = wrapper.framework; name = EventKitUI.framework; path = System/Library/Frameworks/EventKitUI.framework; sourceTree = SDKROOT; };
/* End PBXFileReference section */

/* Begin PBXFrameworksBuildPhase section */
		9E7FFDF1177C856600477DDE /* Frameworks */ = {
			isa = PBXFrameworksBuildPhase;
			buildActionMask = 2147483647;
			files = (
				907D15E31AB74FAB007F5A98 /* metaioSDK.framework in Frameworks */,
				F265F69019E83E8800D7E75C /* EventKitUI.framework in Frameworks */,
				9E6C9314177C86460048052B /* EventKit.framework in Frameworks */,
				9E93C40F19499345001C21F8 /* GLKit.framework in Frameworks */,
				9E384CF4190ABC470037E16E /* CoreImage.framework in Frameworks */,
				9E6C931B177C86A60048052B /* QuartzCore.framework in Frameworks */,
				9E6C9317177C86590048052B /* CoreMotion.framework in Frameworks */,
				9E6C9316177C86520048052B /* MediaPlayer.framework in Frameworks */,
				9E6C9312177C863D0048052B /* CoreMedia.framework in Frameworks */,
				9E6C9310177C86380048052B /* CoreLocation.framework in Frameworks */,
				9E6C930C177C86290048052B /* CoreVideo.framework in Frameworks */,
				9E6C930A177C86240048052B /* libz.dylib in Frameworks */,
				9E6C9308177C86180048052B /* CFNetwork.framework in Frameworks */,
				9E6C9306177C86130048052B /* AudioToolbox.framework in Frameworks */,
				9E6C9304177C860F0048052B /* libxml2.dylib in Frameworks */,
				9E6C9302177C86080048052B /* AVFoundation.framework in Frameworks */,
				9E6C9300177C86020048052B /* Security.framework in Frameworks */,
				9E6C92FE177C85FF0048052B /* OpenGLES.framework in Frameworks */,
				9E7FFDF8177C856600477DDE /* UIKit.framework in Frameworks */,
				9E7FFDFA177C856600477DDE /* Foundation.framework in Frameworks */,
				9E7FFDFC177C856600477DDE /* CoreGraphics.framework in Frameworks */,
				EB42A5BCD70E3523CE74B369 /* libPods-ARCity.a in Frameworks */,
			);
			runOnlyForDeploymentPostprocessing = 0;
		};
/* End PBXFrameworksBuildPhase section */

/* Begin PBXGroup section */
		1F710E8AE208B40957CD316F /* Pods */ = {
			isa = PBXGroup;
			children = (
				8BEBD8113AC29FFF917CD0C7 /* Pods-ARCity.debug.xcconfig */,
				3557980C0616AEBCAB430D08 /* Pods-ARCity.release.xcconfig */,
			);
			name = Pods;
			sourceTree = "<group>";
		};
		907D15EA1AB752AC007F5A98 /* Resources */ = {
			isa = PBXGroup;
			children = (
				907D15EB1AB752AC007F5A98 /* Images */,
				907D15F91AB752AC007F5A98 /* Models */,
				907D16091AB752AC007F5A98 /* TrackingData_Marker.xml */,
			);
			path = Resources;
			sourceTree = "<group>";
		};
		907D15EB1AB752AC007F5A98 /* Images */ = {
			isa = PBXGroup;
			children = (
				907D15EC1AB752AC007F5A98 /* cancel.png */,
				907D15ED1AB752AC007F5A98 /* Default-568h@2x.png */,
				907D15EE1AB752AC007F5A98 /* Default-Landscape@2x~ipad.png */,
				907D15EF1AB752AC007F5A98 /* Default-Landscape~ipad.png */,
				907D15F01AB752AC007F5A98 /* Default-Portrait@2x~ipad.png */,
				907D15F11AB752AC007F5A98 /* Default-Portrait~ipad.png */,
				907D15F21AB752AC007F5A98 /* Default.png */,
				907D15F31AB752AC007F5A98 /* Default@2x.png */,
				907D15F41AB752AC007F5A98 /* Icon-ipad.png */,
				907D15F51AB752AC007F5A98 /* Icon.png */,
				907D15F61AB752AC007F5A98 /* Icon@2x.png */,
				907D15F71AB752AC007F5A98 /* menu-button.png */,
				907D15F81AB752AC007F5A98 /* menu-button@2x.png */,
			);
			path = Images;
			sourceTree = "<group>";
		};
		907D15F91AB752AC007F5A98 /* Models */ = {
			isa = PBXGroup;
			children = (
				9095FA2D1ABC37FF006CD0FA /* plot.zip */,
				907D15FA1AB752AC007F5A98 /* family-house-tex.FBX */,
				907D15FB1AB752AC007F5A98 /* family-house-tex.mtl */,
				907D15FC1AB752AC007F5A98 /* family-house-tex.obj */,
				907D15FD1AB752AC007F5A98 /* family-house-tex.png */,
				907D15FE1AB752AC007F5A98 /* family-house-tex.zip */,
				907D15FF1AB752AC007F5A98 /* family-house.mtl */,
				907D16001AB752AC007F5A98 /* family-house.obj */,
				907D16011AB752AC007F5A98 /* family-house.png */,
				907D16021AB752AC007F5A98 /* metaioman.md2 */,
				907D16031AB752AC007F5A98 /* metaioman.png */,
				907D16041AB752AC007F5A98 /* selection.zip */,
				907D16051AB752AC007F5A98 /* sphere.zip */,
				907D16061AB752AC007F5A98 /* test-building.mtl */,
				907D16071AB752AC007F5A98 /* test-building.obj */,
				907D16081AB752AC007F5A98 /* test-building.png */,
			);
			path = Models;
			sourceTree = "<group>";
		};
		907D16291AB752BF007F5A98 /* Controllers */ = {
			isa = PBXGroup;
			children = (
				9E7FFE1C177C85AF00477DDE /* NativeViewController.h */,
				9E7FFE1D177C85AF00477DDE /* NativeViewController.mm */,
			);
			name = Controllers;
			sourceTree = "<group>";
		};
		9E7FFDEB177C856600477DDE = {
			isa = PBXGroup;
			children = (
				9E7FFDFD177C856600477DDE /* ARCity */,
				9E7FFDF6177C856600477DDE /* Frameworks */,
				9E7FFDF5177C856600477DDE /* Products */,
				1F710E8AE208B40957CD316F /* Pods */,
			);
			sourceTree = "<group>";
		};
		9E7FFDF5177C856600477DDE /* Products */ = {
			isa = PBXGroup;
			children = (
				9E7FFDF4177C856600477DDE /* ARCity.app */,
			);
			name = Products;
			sourceTree = "<group>";
		};
		9E7FFDF6177C856600477DDE /* Frameworks */ = {
			isa = PBXGroup;
			children = (
				F265F68F19E83E8800D7E75C /* EventKitUI.framework */,
				9E93C40E19499345001C21F8 /* GLKit.framework */,
				9E384CF3190ABC470037E16E /* CoreImage.framework */,
				9E6C931A177C86A60048052B /* QuartzCore.framework */,
				9E6C9315177C86520048052B /* MediaPlayer.framework */,
				9E6C9313177C86460048052B /* EventKit.framework */,
				9E6C9311177C863D0048052B /* CoreMedia.framework */,
				9E6C930F177C86380048052B /* CoreLocation.framework */,
				9E6C930D177C862E0048052B /* CoreMotion.framework */,
				9E6C930B177C86290048052B /* CoreVideo.framework */,
				9E6C9309177C86240048052B /* libz.dylib */,
				9E6C9307177C86180048052B /* CFNetwork.framework */,
				9E6C9305177C86130048052B /* AudioToolbox.framework */,
				9E6C9303177C860F0048052B /* libxml2.dylib */,
				9E6C9301177C86080048052B /* AVFoundation.framework */,
				9E6C92FF177C86020048052B /* Security.framework */,
				9E6C92FD177C85FF0048052B /* OpenGLES.framework */,
				9E6C92FB177C85D90048052B /* metaioSDK.framework */,
				9E7FFDF7177C856600477DDE /* UIKit.framework */,
				9E7FFDF9177C856600477DDE /* Foundation.framework */,
				9E7FFDFB177C856600477DDE /* CoreGraphics.framework */,
				33633EFF77C340E9C35271E6 /* libPods-ARCity.a */,
			);
			name = Frameworks;
			sourceTree = "<group>";
		};
		9E7FFDFD177C856600477DDE /* ARCity */ = {
			isa = PBXGroup;
			children = (
				9E7FFE06177C856600477DDE /* AppDelegate.h */,
				9E7FFE07177C856600477DDE /* AppDelegate.mm */,
				9ED7381019AB636A00626EDC /* Images.xcassets */,
				9E93C40C194992A1001C21F8 /* Main.storyboard */,
				907D16291AB752BF007F5A98 /* Controllers */,
				9E7FFE14177C85AF00477DDE /* Model */,
				907D15EA1AB752AC007F5A98 /* Resources */,
				9E7FFDFE177C856600477DDE /* Supporting Files */,
			);
			path = ARCity;
			sourceTree = "<group>";
		};
		9E7FFDFE177C856600477DDE /* Supporting Files */ = {
			isa = PBXGroup;
			children = (
				9E7FFDFF177C856600477DDE /* ARCity-Info.plist */,
				9E7FFE00177C856600477DDE /* InfoPlist.strings */,
				9E7FFE03177C856600477DDE /* main.m */,
				9E7FFE05177C856600477DDE /* ARCity-Prefix.pch */,
			);
			name = "Supporting Files";
			sourceTree = "<group>";
		};
		9E7FFE14177C85AF00477DDE /* Model */ = {
			isa = PBXGroup;
			children = (
				907D15E51AB7529F007F5A98 /* Plot.h */,
				907D15E61AB7529F007F5A98 /* Plot.mm */,
				907D15E41AB7529F007F5A98 /* Engine.h */,
				907D15E71AB7529F007F5A98 /* Engine.mm */,
				90D5DBE11AB9BC9E006EA193 /* Building.h */,
				90D5DBE21AB9BC9E006EA193 /* Building.mm */,
			);
			name = Model;
			path = Classes;
			sourceTree = "<group>";
		};
/* End PBXGroup section */

/* Begin PBXNativeTarget section */
		9E7FFDF3177C856600477DDE /* ARCity */ = {
			isa = PBXNativeTarget;
			buildConfigurationList = 9E7FFE11177C856600477DDE /* Build configuration list for PBXNativeTarget "ARCity" */;
			buildPhases = (
				7D7F776933CB7FEEF051BEFB /* Check Pods Manifest.lock */,
				9E7FFDF0177C856600477DDE /* Sources */,
				9E7FFDF1177C856600477DDE /* Frameworks */,
				9E7FFDF2177C856600477DDE /* Resources */,
				A1440FA22E26273E9A7F4816 /* Copy Pods Resources */,
			);
			buildRules = (
			);
			dependencies = (
			);
			name = ARCity;
			productName = Template;
			productReference = 9E7FFDF4177C856600477DDE /* ARCity.app */;
			productType = "com.apple.product-type.application";
		};
/* End PBXNativeTarget section */

/* Begin PBXProject section */
		9E7FFDEC177C856600477DDE /* Project object */ = {
			isa = PBXProject;
			attributes = {
				LastUpgradeCheck = 0460;
				ORGANIZATIONNAME = "metaio GmbH";
			};
			buildConfigurationList = 9E7FFDEF177C856600477DDE /* Build configuration list for PBXProject "ARCity" */;
			compatibilityVersion = "Xcode 3.2";
			developmentRegion = English;
			hasScannedForEncodings = 0;
			knownRegions = (
				en,
			);
			mainGroup = 9E7FFDEB177C856600477DDE;
			productRefGroup = 9E7FFDF5177C856600477DDE /* Products */;
			projectDirPath = "";
			projectRoot = "";
			targets = (
				9E7FFDF3177C856600477DDE /* ARCity */,
			);
		};
/* End PBXProject section */

/* Begin PBXResourcesBuildPhase section */
		9E7FFDF2177C856600477DDE /* Resources */ = {
			isa = PBXResourcesBuildPhase;
			buildActionMask = 2147483647;
			files = (
				907D16131AB752AC007F5A98 /* Icon-ipad.png in Resources */,
				907D160E1AB752AC007F5A98 /* Default-Landscape~ipad.png in Resources */,
				9ED7381119AB636A00626EDC /* Images.xcassets in Resources */,
				9E7FFE02177C856600477DDE /* InfoPlist.strings in Resources */,
				907D16271AB752AC007F5A98 /* TrackingData_Marker.xml in Resources */,
				907D161D1AB752AC007F5A98 /* family-house.mtl in Resources */,
				907D161B1AB752AC007F5A98 /* family-house-tex.png in Resources */,
				9E93C40D194992A1001C21F8 /* Main.storyboard in Resources */,
				907D160F1AB752AC007F5A98 /* Default-Portrait@2x~ipad.png in Resources */,
				907D16121AB752AC007F5A98 /* Default@2x.png in Resources */,
				907D16211AB752AC007F5A98 /* metaioman.png in Resources */,
				907D16231AB752AC007F5A98 /* sphere.zip in Resources */,
				907D16141AB752AC007F5A98 /* Icon.png in Resources */,
				907D161A1AB752AC007F5A98 /* family-house-tex.obj in Resources */,
				9095FA2E1ABC37FF006CD0FA /* plot.zip in Resources */,
				907D16101AB752AC007F5A98 /* Default-Portrait~ipad.png in Resources */,
				907D16151AB752AC007F5A98 /* Icon@2x.png in Resources */,
				907D161C1AB752AC007F5A98 /* family-house-tex.zip in Resources */,
				907D16221AB752AC007F5A98 /* selection.zip in Resources */,
				907D161F1AB752AC007F5A98 /* family-house.png in Resources */,
				907D16261AB752AC007F5A98 /* test-building.png in Resources */,
				907D16191AB752AC007F5A98 /* family-house-tex.mtl in Resources */,
				907D160C1AB752AC007F5A98 /* Default-568h@2x.png in Resources */,
				907D161E1AB752AC007F5A98 /* family-house.obj in Resources */,
				907D16161AB752AC007F5A98 /* menu-button.png in Resources */,
				907D16181AB752AC007F5A98 /* family-house-tex.FBX in Resources */,
				907D16201AB752AC007F5A98 /* metaioman.md2 in Resources */,
				907D160B1AB752AC007F5A98 /* cancel.png in Resources */,
				907D16241AB752AC007F5A98 /* test-building.mtl in Resources */,
				907D16171AB752AC007F5A98 /* menu-button@2x.png in Resources */,
				907D16251AB752AC007F5A98 /* test-building.obj in Resources */,
				907D160D1AB752AC007F5A98 /* Default-Landscape@2x~ipad.png in Resources */,
				907D16111AB752AC007F5A98 /* Default.png in Resources */,
			);
			runOnlyForDeploymentPostprocessing = 0;
		};
/* End PBXResourcesBuildPhase section */

/* Begin PBXShellScriptBuildPhase section */
		7D7F776933CB7FEEF051BEFB /* Check Pods Manifest.lock */ = {
			isa = PBXShellScriptBuildPhase;
			buildActionMask = 2147483647;
			files = (
			);
			inputPaths = (
			);
			name = "Check Pods Manifest.lock";
			outputPaths = (
			);
			runOnlyForDeploymentPostprocessing = 0;
			shellPath = /bin/sh;
			shellScript = "diff \"${PODS_ROOT}/../Podfile.lock\" \"${PODS_ROOT}/Manifest.lock\" > /dev/null\nif [[ $? != 0 ]] ; then\n    cat << EOM\nerror: The sandbox is not in sync with the Podfile.lock. Run 'pod install' or update your CocoaPods installation.\nEOM\n    exit 1\nfi\n";
			showEnvVarsInLog = 0;
		};
		A1440FA22E26273E9A7F4816 /* Copy Pods Resources */ = {
			isa = PBXShellScriptBuildPhase;
			buildActionMask = 2147483647;
			files = (
			);
			inputPaths = (
			);
			name = "Copy Pods Resources";
			outputPaths = (
			);
			runOnlyForDeploymentPostprocessing = 0;
			shellPath = /bin/sh;
			shellScript = "\"${SRCROOT}/Pods/Target Support Files/Pods-ARCity/Pods-ARCity-resources.sh\"\n";
			showEnvVarsInLog = 0;
		};
/* End PBXShellScriptBuildPhase section */

/* Begin PBXSourcesBuildPhase section */
		9E7FFDF0177C856600477DDE /* Sources */ = {
			isa = PBXSourcesBuildPhase;
			buildActionMask = 2147483647;
			files = (
				9E7FFE04177C856600477DDE /* main.m in Sources */,
				907D15E91AB7529F007F5A98 /* Engine.mm in Sources */,
				907D15E81AB7529F007F5A98 /* Plot.mm in Sources */,
				9E7FFE08177C856600477DDE /* AppDelegate.mm in Sources */,
				9E7FFE22177C85AF00477DDE /* NativeViewController.mm in Sources */,
				90D5DBE31AB9BC9E006EA193 /* Building.mm in Sources */,
			);
			runOnlyForDeploymentPostprocessing = 0;
		};
/* End PBXSourcesBuildPhase section */

/* Begin PBXVariantGroup section */
		9E7FFE00177C856600477DDE /* InfoPlist.strings */ = {
			isa = PBXVariantGroup;
			children = (
				9E7FFE01177C856600477DDE /* en */,
			);
			name = InfoPlist.strings;
			sourceTree = "<group>";
		};
/* End PBXVariantGroup section */

/* Begin XCBuildConfiguration section */
		9E7FFE0F177C856600477DDE /* Debug */ = {
			isa = XCBuildConfiguration;
			buildSettings = {
				ALWAYS_SEARCH_USER_PATHS = NO;
				CLANG_CXX_LANGUAGE_STANDARD = "gnu++0x";
				CLANG_CXX_LIBRARY = "libc++";
				CLANG_ENABLE_OBJC_ARC = YES;
				CLANG_WARN_CONSTANT_CONVERSION = YES;
				CLANG_WARN_EMPTY_BODY = YES;
				CLANG_WARN_ENUM_CONVERSION = YES;
				CLANG_WARN_INT_CONVERSION = YES;
				CLANG_WARN__DUPLICATE_METHOD_MATCH = YES;
				"CODE_SIGN_IDENTITY[sdk=iphoneos*]" = "iPhone Developer";
				COPY_PHASE_STRIP = NO;
				GCC_C_LANGUAGE_STANDARD = gnu99;
				GCC_DYNAMIC_NO_PIC = NO;
				GCC_OPTIMIZATION_LEVEL = 0;
				GCC_PREPROCESSOR_DEFINITIONS = (
					"DEBUG=1",
					"$(inherited)",
				);
				GCC_SYMBOLS_PRIVATE_EXTERN = NO;
				GCC_WARN_ABOUT_RETURN_TYPE = YES;
				GCC_WARN_UNINITIALIZED_AUTOS = YES;
				GCC_WARN_UNUSED_VARIABLE = YES;
				IPHONEOS_DEPLOYMENT_TARGET = 8.0;
				ONLY_ACTIVE_ARCH = YES;
				SDKROOT = iphoneos;
				TARGETED_DEVICE_FAMILY = "1,2";
			};
			name = Debug;
		};
		9E7FFE10177C856600477DDE /* Release */ = {
			isa = XCBuildConfiguration;
			buildSettings = {
				ALWAYS_SEARCH_USER_PATHS = NO;
				CLANG_CXX_LANGUAGE_STANDARD = "gnu++0x";
				CLANG_CXX_LIBRARY = "libc++";
				CLANG_ENABLE_OBJC_ARC = YES;
				CLANG_WARN_CONSTANT_CONVERSION = YES;
				CLANG_WARN_EMPTY_BODY = YES;
				CLANG_WARN_ENUM_CONVERSION = YES;
				CLANG_WARN_INT_CONVERSION = YES;
				CLANG_WARN__DUPLICATE_METHOD_MATCH = YES;
				"CODE_SIGN_IDENTITY[sdk=iphoneos*]" = "iPhone Developer";
				COPY_PHASE_STRIP = YES;
				GCC_C_LANGUAGE_STANDARD = gnu99;
				GCC_WARN_ABOUT_RETURN_TYPE = YES;
				GCC_WARN_UNINITIALIZED_AUTOS = YES;
				GCC_WARN_UNUSED_VARIABLE = YES;
				IPHONEOS_DEPLOYMENT_TARGET = 8.0;
				OTHER_CFLAGS = "-DNS_BLOCK_ASSERTIONS=1";
				SDKROOT = iphoneos;
				TARGETED_DEVICE_FAMILY = "1,2";
				VALIDATE_PRODUCT = YES;
			};
			name = Release;
		};
		9E7FFE12177C856600477DDE /* Debug */ = {
			isa = XCBuildConfiguration;
			baseConfigurationReference = 8BEBD8113AC29FFF917CD0C7 /* Pods-ARCity.debug.xcconfig */;
			buildSettings = {
				ASSETCATALOG_COMPILER_APPICON_NAME = AppIcon;
				ASSETCATALOG_COMPILER_LAUNCHIMAGE_NAME = LaunchImage;
				FRAMEWORK_SEARCH_PATHS = (
					"$(inherited)",
					"\"$(SRCROOT)/../..\"",
					"$(PROJECT_DIR)",
				);
				GCC_PRECOMPILE_PREFIX_HEADER = YES;
				GCC_PREFIX_HEADER = "ARCity/ARCity-Prefix.pch";
				INFOPLIST_FILE = "ARCity/ARCity-Info.plist";
				IPHONEOS_DEPLOYMENT_TARGET = 8.0;
				OTHER_LDFLAGS = "$(inherited)";
				PRODUCT_NAME = ARCity;
				WRAPPER_EXTENSION = app;
			};
			name = Debug;
		};
		9E7FFE13177C856600477DDE /* Release */ = {
			isa = XCBuildConfiguration;
			baseConfigurationReference = 3557980C0616AEBCAB430D08 /* Pods-ARCity.release.xcconfig */;
			buildSettings = {
				ASSETCATALOG_COMPILER_APPICON_NAME = AppIcon;
				ASSETCATALOG_COMPILER_LAUNCHIMAGE_NAME = LaunchImage;
				FRAMEWORK_SEARCH_PATHS = (
					"$(inherited)",
					"\"$(SRCROOT)/../..\"",
					"$(PROJECT_DIR)",
				);
				GCC_PRECOMPILE_PREFIX_HEADER = YES;
				GCC_PREFIX_HEADER = "ARCity/ARCity-Prefix.pch";
				INFOPLIST_FILE = "ARCity/ARCity-Info.plist";
				IPHONEOS_DEPLOYMENT_TARGET = 8.0;
				OTHER_LDFLAGS = "$(inherited)";
				PRODUCT_NAME = ARCity;
				WRAPPER_EXTENSION = app;
			};
			name = Release;
		};
/* End XCBuildConfiguration section */

/* Begin XCConfigurationList section */
		9E7FFDEF177C856600477DDE /* Build configuration list for PBXProject "ARCity" */ = {
			isa = XCConfigurationList;
			buildConfigurations = (
				9E7FFE0F177C856600477DDE /* Debug */,
				9E7FFE10177C856600477DDE /* Release */,
			);
			defaultConfigurationIsVisible = 0;
			defaultConfigurationName = Release;
		};
		9E7FFE11177C856600477DDE /* Build configuration list for PBXNativeTarget "ARCity" */ = {
			isa = XCConfigurationList;
			buildConfigurations = (
				9E7FFE12177C856600477DDE /* Debug */,
				9E7FFE13177C856600477DDE /* Release */,
			);
			defaultConfigurationIsVisible = 0;
			defaultConfigurationName = Release;
		};
/* End XCConfigurationList section */
	};
	rootObject = 9E7FFDEC177C856600477DDE /* Project object */;
}
